// !$*UTF8*$!
{
	archiveVersion = 1;
	classes = {
	};
	objectVersion = 55;
	objects = {

/* Begin PBXBuildFile section */
		153C2F17F89091E866F2BCAC /* Pods_HEPI_HEPIUITests.framework in Frameworks */ = {isa = PBXBuildFile; fileRef = 2D12585D3CE7C9ED9BA7BEE1 /* Pods_HEPI_HEPIUITests.framework */; };
		4B19F5E228E49E0500A72B5C /* AppDelegate.swift in Sources */ = {isa = PBXBuildFile; fileRef = 4B19F5E128E49E0500A72B5C /* AppDelegate.swift */; };
		4B19F5E428E49E0500A72B5C /* SceneDelegate.swift in Sources */ = {isa = PBXBuildFile; fileRef = 4B19F5E328E49E0500A72B5C /* SceneDelegate.swift */; };
		4B19F5EB28E49E0600A72B5C /* Assets.xcassets in Resources */ = {isa = PBXBuildFile; fileRef = 4B19F5EA28E49E0600A72B5C /* Assets.xcassets */; };
		4B19F5EE28E49E0600A72B5C /* LaunchScreen.storyboard in Resources */ = {isa = PBXBuildFile; fileRef = 4B19F5EC28E49E0600A72B5C /* LaunchScreen.storyboard */; };
		4B19F5F928E49E0600A72B5C /* HEPITests.swift in Sources */ = {isa = PBXBuildFile; fileRef = 4B19F5F828E49E0600A72B5C /* HEPITests.swift */; };
		4B19F60328E49E0600A72B5C /* HEPIUITests.swift in Sources */ = {isa = PBXBuildFile; fileRef = 4B19F60228E49E0600A72B5C /* HEPIUITests.swift */; };
		4B19F60528E49E0600A72B5C /* HEPIUITestsLaunchTests.swift in Sources */ = {isa = PBXBuildFile; fileRef = 4B19F60428E49E0600A72B5C /* HEPIUITestsLaunchTests.swift */; };
		4B4CDEA528E4A47600253B2F /* Extension.swift in Sources */ = {isa = PBXBuildFile; fileRef = 4B4CDEA428E4A47600253B2F /* Extension.swift */; };
		4B4CDEA728E4A47E00253B2F /* Helper Class.swift in Sources */ = {isa = PBXBuildFile; fileRef = 4B4CDEA628E4A47E00253B2F /* Helper Class.swift */; };
		4B78DB0228EAD6B000744386 /* Class Model.swift in Sources */ = {isa = PBXBuildFile; fileRef = 4B78DB0128EAD6B000744386 /* Class Model.swift */; };
		4B78DB0528EAD6BD00744386 /* Views.swift in Sources */ = {isa = PBXBuildFile; fileRef = 4B78DB0428EAD6BD00744386 /* Views.swift */; };
		4B78DB0828EAD6CC00744386 /* view model.swift in Sources */ = {isa = PBXBuildFile; fileRef = 4B78DB0728EAD6CC00744386 /* view model.swift */; };
		4B78DB0B28EAD6FC00744386 /* Api Services.swift in Sources */ = {isa = PBXBuildFile; fileRef = 4B78DB0A28EAD6FC00744386 /* Api Services.swift */; };
		4B78DB1028EAD71D00744386 /* Specific Layout.swift in Sources */ = {isa = PBXBuildFile; fileRef = 4B78DB0F28EAD71D00744386 /* Specific Layout.swift */; };
		4B78DB1228EAD72600744386 /* Shared Layout.swift in Sources */ = {isa = PBXBuildFile; fileRef = 4B78DB1128EAD72600744386 /* Shared Layout.swift */; };
		4B78DB1528EAD73500744386 /* Base Providers.swift in Sources */ = {isa = PBXBuildFile; fileRef = 4B78DB1428EAD73500744386 /* Base Providers.swift */; };
		4B78DB1828EAD77600744386 /* Style Guide.swift in Sources */ = {isa = PBXBuildFile; fileRef = 4B78DB1728EAD77600744386 /* Style Guide.swift */; };
		4BC8119628EAD540000A7E42 /* API Model.swift in Sources */ = {isa = PBXBuildFile; fileRef = 4BC8119528EAD540000A7E42 /* API Model.swift */; };
		A1CBEB5120187B33DC9B499B /* Pods_HEPI.framework in Frameworks */ = {isa = PBXBuildFile; fileRef = 49C45514BC16E326FAE822B5 /* Pods_HEPI.framework */; };
		BF044D9A9E94DDDD724DE738 /* Pods_HEPITests.framework in Frameworks */ = {isa = PBXBuildFile; fileRef = 58D2587A65E3FE4A83641139 /* Pods_HEPITests.framework */; };
/* End PBXBuildFile section */

/* Begin PBXContainerItemProxy section */
		4B19F5F528E49E0600A72B5C /* PBXContainerItemProxy */ = {
			isa = PBXContainerItemProxy;
			containerPortal = 4B19F5D628E49E0500A72B5C /* Project object */;
			proxyType = 1;
			remoteGlobalIDString = 4B19F5DD28E49E0500A72B5C;
			remoteInfo = HEPI;
		};
		4B19F5FF28E49E0600A72B5C /* PBXContainerItemProxy */ = {
			isa = PBXContainerItemProxy;
			containerPortal = 4B19F5D628E49E0500A72B5C /* Project object */;
			proxyType = 1;
			remoteGlobalIDString = 4B19F5DD28E49E0500A72B5C;
			remoteInfo = HEPI;
		};
/* End PBXContainerItemProxy section */

/* Begin PBXFileReference section */
		1B1D63E1F13F59D08CFDC59D /* Pods-HEPITests.release.xcconfig */ = {isa = PBXFileReference; includeInIndex = 1; lastKnownFileType = text.xcconfig; name = "Pods-HEPITests.release.xcconfig"; path = "Target Support Files/Pods-HEPITests/Pods-HEPITests.release.xcconfig"; sourceTree = "<group>"; };
		26230790A5FC7C2B748DBCD8 /* Pods-HEPI-HEPIUITests.debug.xcconfig */ = {isa = PBXFileReference; includeInIndex = 1; lastKnownFileType = text.xcconfig; name = "Pods-HEPI-HEPIUITests.debug.xcconfig"; path = "Target Support Files/Pods-HEPI-HEPIUITests/Pods-HEPI-HEPIUITests.debug.xcconfig"; sourceTree = "<group>"; };
		2BA31A4AFFEB97A96B41D354 /* Pods-HEPI.debug.xcconfig */ = {isa = PBXFileReference; includeInIndex = 1; lastKnownFileType = text.xcconfig; name = "Pods-HEPI.debug.xcconfig"; path = "Target Support Files/Pods-HEPI/Pods-HEPI.debug.xcconfig"; sourceTree = "<group>"; };
		2D12585D3CE7C9ED9BA7BEE1 /* Pods_HEPI_HEPIUITests.framework */ = {isa = PBXFileReference; explicitFileType = wrapper.framework; includeInIndex = 0; path = Pods_HEPI_HEPIUITests.framework; sourceTree = BUILT_PRODUCTS_DIR; };
		49C45514BC16E326FAE822B5 /* Pods_HEPI.framework */ = {isa = PBXFileReference; explicitFileType = wrapper.framework; includeInIndex = 0; path = Pods_HEPI.framework; sourceTree = BUILT_PRODUCTS_DIR; };
		4B19F5DE28E49E0500A72B5C /* HEPI.app */ = {isa = PBXFileReference; explicitFileType = wrapper.application; includeInIndex = 0; path = HEPI.app; sourceTree = BUILT_PRODUCTS_DIR; };
		4B19F5E128E49E0500A72B5C /* AppDelegate.swift */ = {isa = PBXFileReference; lastKnownFileType = sourcecode.swift; path = AppDelegate.swift; sourceTree = "<group>"; };
		4B19F5E328E49E0500A72B5C /* SceneDelegate.swift */ = {isa = PBXFileReference; lastKnownFileType = sourcecode.swift; path = SceneDelegate.swift; sourceTree = "<group>"; };
		4B19F5EA28E49E0600A72B5C /* Assets.xcassets */ = {isa = PBXFileReference; lastKnownFileType = folder.assetcatalog; path = Assets.xcassets; sourceTree = "<group>"; };
		4B19F5ED28E49E0600A72B5C /* Base */ = {isa = PBXFileReference; lastKnownFileType = file.storyboard; name = Base; path = Base.lproj/LaunchScreen.storyboard; sourceTree = "<group>"; };
		4B19F5EF28E49E0600A72B5C /* Info.plist */ = {isa = PBXFileReference; lastKnownFileType = text.plist.xml; path = Info.plist; sourceTree = "<group>"; };
		4B19F5F428E49E0600A72B5C /* HEPITests.xctest */ = {isa = PBXFileReference; explicitFileType = wrapper.cfbundle; includeInIndex = 0; path = HEPITests.xctest; sourceTree = BUILT_PRODUCTS_DIR; };
		4B19F5F828E49E0600A72B5C /* HEPITests.swift */ = {isa = PBXFileReference; lastKnownFileType = sourcecode.swift; path = HEPITests.swift; sourceTree = "<group>"; };
		4B19F5FE28E49E0600A72B5C /* HEPIUITests.xctest */ = {isa = PBXFileReference; explicitFileType = wrapper.cfbundle; includeInIndex = 0; path = HEPIUITests.xctest; sourceTree = BUILT_PRODUCTS_DIR; };
		4B19F60228E49E0600A72B5C /* HEPIUITests.swift */ = {isa = PBXFileReference; lastKnownFileType = sourcecode.swift; path = HEPIUITests.swift; sourceTree = "<group>"; };
		4B19F60428E49E0600A72B5C /* HEPIUITestsLaunchTests.swift */ = {isa = PBXFileReference; lastKnownFileType = sourcecode.swift; path = HEPIUITestsLaunchTests.swift; sourceTree = "<group>"; };
		4B4CDEA428E4A47600253B2F /* Extension.swift */ = {isa = PBXFileReference; lastKnownFileType = sourcecode.swift; path = Extension.swift; sourceTree = "<group>"; };
		4B4CDEA628E4A47E00253B2F /* Helper Class.swift */ = {isa = PBXFileReference; lastKnownFileType = sourcecode.swift; path = "Helper Class.swift"; sourceTree = "<group>"; };
		4B78DB0128EAD6B000744386 /* Class Model.swift */ = {isa = PBXFileReference; lastKnownFileType = sourcecode.swift; path = "Class Model.swift"; sourceTree = "<group>"; };
		4B78DB0428EAD6BD00744386 /* Views.swift */ = {isa = PBXFileReference; lastKnownFileType = sourcecode.swift; path = Views.swift; sourceTree = "<group>"; };
		4B78DB0728EAD6CC00744386 /* view model.swift */ = {isa = PBXFileReference; lastKnownFileType = sourcecode.swift; path = "view model.swift"; sourceTree = "<group>"; };
		4B78DB0A28EAD6FC00744386 /* Api Services.swift */ = {isa = PBXFileReference; lastKnownFileType = sourcecode.swift; path = "Api Services.swift"; sourceTree = "<group>"; };
		4B78DB0F28EAD71D00744386 /* Specific Layout.swift */ = {isa = PBXFileReference; lastKnownFileType = sourcecode.swift; path = "Specific Layout.swift"; sourceTree = "<group>"; };
		4B78DB1128EAD72600744386 /* Shared Layout.swift */ = {isa = PBXFileReference; lastKnownFileType = sourcecode.swift; path = "Shared Layout.swift"; sourceTree = "<group>"; };
		4B78DB1428EAD73500744386 /* Base Providers.swift */ = {isa = PBXFileReference; lastKnownFileType = sourcecode.swift; path = "Base Providers.swift"; sourceTree = "<group>"; };
		4B78DB1728EAD77600744386 /* Style Guide.swift */ = {isa = PBXFileReference; lastKnownFileType = sourcecode.swift; path = "Style Guide.swift"; sourceTree = "<group>"; };
		4BC8119528EAD540000A7E42 /* API Model.swift */ = {isa = PBXFileReference; lastKnownFileType = sourcecode.swift; path = "API Model.swift"; sourceTree = "<group>"; };
		58D2587A65E3FE4A83641139 /* Pods_HEPITests.framework */ = {isa = PBXFileReference; explicitFileType = wrapper.framework; includeInIndex = 0; path = Pods_HEPITests.framework; sourceTree = BUILT_PRODUCTS_DIR; };
		5F28620AB1D8EE51649266CB /* Pods-HEPITests.debug.xcconfig */ = {isa = PBXFileReference; includeInIndex = 1; lastKnownFileType = text.xcconfig; name = "Pods-HEPITests.debug.xcconfig"; path = "Target Support Files/Pods-HEPITests/Pods-HEPITests.debug.xcconfig"; sourceTree = "<group>"; };
		5F6CFAA50BF4965480023F05 /* Pods-HEPI.release.xcconfig */ = {isa = PBXFileReference; includeInIndex = 1; lastKnownFileType = text.xcconfig; name = "Pods-HEPI.release.xcconfig"; path = "Target Support Files/Pods-HEPI/Pods-HEPI.release.xcconfig"; sourceTree = "<group>"; };
		DD50D97BA5192A5187A0DC1B /* Pods-HEPI-HEPIUITests.release.xcconfig */ = {isa = PBXFileReference; includeInIndex = 1; lastKnownFileType = text.xcconfig; name = "Pods-HEPI-HEPIUITests.release.xcconfig"; path = "Target Support Files/Pods-HEPI-HEPIUITests/Pods-HEPI-HEPIUITests.release.xcconfig"; sourceTree = "<group>"; };
/* End PBXFileReference section */

/* Begin PBXFrameworksBuildPhase section */
		4B19F5DB28E49E0500A72B5C /* Frameworks */ = {
			isa = PBXFrameworksBuildPhase;
			buildActionMask = 2147483647;
			files = (
				A1CBEB5120187B33DC9B499B /* Pods_HEPI.framework in Frameworks */,
			);
			runOnlyForDeploymentPostprocessing = 0;
		};
		4B19F5F128E49E0600A72B5C /* Frameworks */ = {
			isa = PBXFrameworksBuildPhase;
			buildActionMask = 2147483647;
			files = (
				BF044D9A9E94DDDD724DE738 /* Pods_HEPITests.framework in Frameworks */,
			);
			runOnlyForDeploymentPostprocessing = 0;
		};
		4B19F5FB28E49E0600A72B5C /* Frameworks */ = {
			isa = PBXFrameworksBuildPhase;
			buildActionMask = 2147483647;
			files = (
				153C2F17F89091E866F2BCAC /* Pods_HEPI_HEPIUITests.framework in Frameworks */,
			);
			runOnlyForDeploymentPostprocessing = 0;
		};
/* End PBXFrameworksBuildPhase section */

/* Begin PBXGroup section */
		4B19F5D528E49E0500A72B5C = {
			isa = PBXGroup;
			children = (
				4B19F5E028E49E0500A72B5C /* HEPI */,
				4B19F5F728E49E0600A72B5C /* HEPITests */,
				4B19F60128E49E0600A72B5C /* HEPIUITests */,
				4B19F5DF28E49E0500A72B5C /* Products */,
				FF14E35A278343EA30FF23A5 /* Pods */,
				FF81EE9EA106D96BD053875C /* Frameworks */,
			);
			sourceTree = "<group>";
		};
		4B19F5DF28E49E0500A72B5C /* Products */ = {
			isa = PBXGroup;
			children = (
				4B19F5DE28E49E0500A72B5C /* HEPI.app */,
				4B19F5F428E49E0600A72B5C /* HEPITests.xctest */,
				4B19F5FE28E49E0600A72B5C /* HEPIUITests.xctest */,
			);
			name = Products;
			sourceTree = "<group>";
		};
		4B19F5E028E49E0500A72B5C /* HEPI */ = {
			isa = PBXGroup;
			children = (
				4B78DB1628EAD75C00744386 /* Miscellaneous */,
				4B78DB1328EAD72D00744386 /* Providers */,
				4B78DB0C28EAD70600744386 /* Components */,
				4B78DB0928EAD6F000744386 /* Services */,
				4B78DB0628EAD6C000744386 /* View Model */,
				4B78DB0328EAD6B500744386 /* Views */,
				4BC8119328EAD526000A7E42 /* Models */,
				4B4CDE9828E4A3FB00253B2F /* Base */,
				4B4CDEA328E4A44B00253B2F /* Utils */,
				4B4CDE9928E4A40600253B2F /* Services */,
				4B19F5EA28E49E0600A72B5C /* Assets.xcassets */,
				4B19F5EC28E49E0600A72B5C /* LaunchScreen.storyboard */,
				4B19F5EF28E49E0600A72B5C /* Info.plist */,
			);
			path = HEPI;
			sourceTree = "<group>";
		};
		4B19F5F728E49E0600A72B5C /* HEPITests */ = {
			isa = PBXGroup;
			children = (
				4B19F5F828E49E0600A72B5C /* HEPITests.swift */,
			);
			path = HEPITests;
			sourceTree = "<group>";
		};
		4B19F60128E49E0600A72B5C /* HEPIUITests */ = {
			isa = PBXGroup;
			children = (
				4B19F60228E49E0600A72B5C /* HEPIUITests.swift */,
				4B19F60428E49E0600A72B5C /* HEPIUITestsLaunchTests.swift */,
			);
			path = HEPIUITests;
			sourceTree = "<group>";
		};
		4B4CDE9828E4A3FB00253B2F /* Base */ = {
			isa = PBXGroup;
			children = (
				4B19F5E128E49E0500A72B5C /* AppDelegate.swift */,
				4B19F5E328E49E0500A72B5C /* SceneDelegate.swift */,
			);
			path = Base;
			sourceTree = "<group>";
		};
		4B4CDE9928E4A40600253B2F /* Services */ = {
			isa = PBXGroup;
			children = (
			);
			name = Services;
			sourceTree = "<group>";
		};
		4B4CDEA328E4A44B00253B2F /* Utils */ = {
			isa = PBXGroup;
			children = (
				4B4CDEA428E4A47600253B2F /* Extension.swift */,
				4B4CDEA628E4A47E00253B2F /* Helper Class.swift */,
			);
			path = Utils;
			sourceTree = "<group>";
		};
		4B78DB0328EAD6B500744386 /* Views */ = {
			isa = PBXGroup;
			children = (
				4B78DB0428EAD6BD00744386 /* Views.swift */,
			);
			path = Views;
			sourceTree = "<group>";
		};
		4B78DB0628EAD6C000744386 /* View Model */ = {
			isa = PBXGroup;
			children = (
				4B78DB0728EAD6CC00744386 /* view model.swift */,
			);
			path = "View Model";
			sourceTree = "<group>";
		};
		4B78DB0928EAD6F000744386 /* Services */ = {
			isa = PBXGroup;
			children = (
				4B78DB0A28EAD6FC00744386 /* Api Services.swift */,
			);
			path = Services;
			sourceTree = "<group>";
		};
		4B78DB0C28EAD70600744386 /* Components */ = {
			isa = PBXGroup;
			children = (
				4B78DB0E28EAD70F00744386 /* Specific Layout */,
				4B78DB0D28EAD70A00744386 /* Shared Layout */,
			);
			path = Components;
			sourceTree = "<group>";
		};
		4B78DB0D28EAD70A00744386 /* Shared Layout */ = {
			isa = PBXGroup;
			children = (
				4B78DB1128EAD72600744386 /* Shared Layout.swift */,
			);
			path = "Shared Layout";
			sourceTree = "<group>";
		};
		4B78DB0E28EAD70F00744386 /* Specific Layout */ = {
			isa = PBXGroup;
			children = (
				4B78DB0F28EAD71D00744386 /* Specific Layout.swift */,
			);
			path = "Specific Layout";
			sourceTree = "<group>";
		};
		4B78DB1328EAD72D00744386 /* Providers */ = {
			isa = PBXGroup;
			children = (
				4B78DB1428EAD73500744386 /* Base Providers.swift */,
			);
			path = Providers;
			sourceTree = "<group>";
		};
		4B78DB1628EAD75C00744386 /* Miscellaneous */ = {
			isa = PBXGroup;
			children = (
				4B78DB1728EAD77600744386 /* Style Guide.swift */,
			);
			path = Miscellaneous;
			sourceTree = "<group>";
		};
		4BC8119328EAD526000A7E42 /* Models */ = {
			isa = PBXGroup;
			children = (
				4BC8119728EAD672000A7E42 /* Class Model */,
				4BC8119428EAD535000A7E42 /* API Model */,
			);
			path = Models;
			sourceTree = "<group>";
		};
		4BC8119428EAD535000A7E42 /* API Model */ = {
			isa = PBXGroup;
			children = (
				4BC8119528EAD540000A7E42 /* API Model.swift */,
			);
			path = "API Model";
			sourceTree = "<group>";
		};
		4BC8119728EAD672000A7E42 /* Class Model */ = {
			isa = PBXGroup;
			children = (
				4B78DB0128EAD6B000744386 /* Class Model.swift */,
			);
			path = "Class Model";
			sourceTree = "<group>";
		};
		FF14E35A278343EA30FF23A5 /* Pods */ = {
			isa = PBXGroup;
			children = (
				2BA31A4AFFEB97A96B41D354 /* Pods-HEPI.debug.xcconfig */,
				5F6CFAA50BF4965480023F05 /* Pods-HEPI.release.xcconfig */,
				26230790A5FC7C2B748DBCD8 /* Pods-HEPI-HEPIUITests.debug.xcconfig */,
				DD50D97BA5192A5187A0DC1B /* Pods-HEPI-HEPIUITests.release.xcconfig */,
				5F28620AB1D8EE51649266CB /* Pods-HEPITests.debug.xcconfig */,
				1B1D63E1F13F59D08CFDC59D /* Pods-HEPITests.release.xcconfig */,
			);
			path = Pods;
			sourceTree = "<group>";
		};
		FF81EE9EA106D96BD053875C /* Frameworks */ = {
			isa = PBXGroup;
			children = (
				49C45514BC16E326FAE822B5 /* Pods_HEPI.framework */,
				2D12585D3CE7C9ED9BA7BEE1 /* Pods_HEPI_HEPIUITests.framework */,
				58D2587A65E3FE4A83641139 /* Pods_HEPITests.framework */,
			);
			name = Frameworks;
			sourceTree = "<group>";
		};
/* End PBXGroup section */

/* Begin PBXNativeTarget section */
		4B19F5DD28E49E0500A72B5C /* HEPI */ = {
			isa = PBXNativeTarget;
			buildConfigurationList = 4B19F60828E49E0600A72B5C /* Build configuration list for PBXNativeTarget "HEPI" */;
			buildPhases = (
				E4DA105E28692571168F80B0 /* [CP] Check Pods Manifest.lock */,
				4B19F5DA28E49E0500A72B5C /* Sources */,
				4B19F5DB28E49E0500A72B5C /* Frameworks */,
				4B19F5DC28E49E0500A72B5C /* Resources */,
				9200367D64F9DFE3598409C0 /* [CP] Embed Pods Frameworks */,
			);
			buildRules = (
			);
			dependencies = (
			);
			name = HEPI;
			productName = HEPI;
			productReference = 4B19F5DE28E49E0500A72B5C /* HEPI.app */;
			productType = "com.apple.product-type.application";
		};
		4B19F5F328E49E0600A72B5C /* HEPITests */ = {
			isa = PBXNativeTarget;
			buildConfigurationList = 4B19F60B28E49E0600A72B5C /* Build configuration list for PBXNativeTarget "HEPITests" */;
			buildPhases = (
				E8DDBC4D7C07783AFAE6C4CF /* [CP] Check Pods Manifest.lock */,
				4B19F5F028E49E0600A72B5C /* Sources */,
				4B19F5F128E49E0600A72B5C /* Frameworks */,
				4B19F5F228E49E0600A72B5C /* Resources */,
			);
			buildRules = (
			);
			dependencies = (
				4B19F5F628E49E0600A72B5C /* PBXTargetDependency */,
			);
			name = HEPITests;
			productName = HEPITests;
			productReference = 4B19F5F428E49E0600A72B5C /* HEPITests.xctest */;
			productType = "com.apple.product-type.bundle.unit-test";
		};
		4B19F5FD28E49E0600A72B5C /* HEPIUITests */ = {
			isa = PBXNativeTarget;
			buildConfigurationList = 4B19F60E28E49E0600A72B5C /* Build configuration list for PBXNativeTarget "HEPIUITests" */;
			buildPhases = (
				2AB5EC2B0157277E2AB169BB /* [CP] Check Pods Manifest.lock */,
				4B19F5FA28E49E0600A72B5C /* Sources */,
				4B19F5FB28E49E0600A72B5C /* Frameworks */,
				4B19F5FC28E49E0600A72B5C /* Resources */,
				12B72B281BE8BD9864E4F016 /* [CP] Embed Pods Frameworks */,
			);
			buildRules = (
			);
			dependencies = (
				4B19F60028E49E0600A72B5C /* PBXTargetDependency */,
			);
			name = HEPIUITests;
			productName = HEPIUITests;
			productReference = 4B19F5FE28E49E0600A72B5C /* HEPIUITests.xctest */;
			productType = "com.apple.product-type.bundle.ui-testing";
		};
/* End PBXNativeTarget section */

/* Begin PBXProject section */
		4B19F5D628E49E0500A72B5C /* Project object */ = {
			isa = PBXProject;
			attributes = {
				BuildIndependentTargetsInParallel = 1;
				LastSwiftUpdateCheck = 1340;
				LastUpgradeCheck = 1340;
				TargetAttributes = {
					4B19F5DD28E49E0500A72B5C = {
						CreatedOnToolsVersion = 13.4.1;
					};
					4B19F5F328E49E0600A72B5C = {
						CreatedOnToolsVersion = 13.4.1;
						TestTargetID = 4B19F5DD28E49E0500A72B5C;
					};
					4B19F5FD28E49E0600A72B5C = {
						CreatedOnToolsVersion = 13.4.1;
						TestTargetID = 4B19F5DD28E49E0500A72B5C;
					};
				};
			};
			buildConfigurationList = 4B19F5D928E49E0500A72B5C /* Build configuration list for PBXProject "HEPI" */;
			compatibilityVersion = "Xcode 13.0";
			developmentRegion = en;
			hasScannedForEncodings = 0;
			knownRegions = (
				en,
				Base,
			);
			mainGroup = 4B19F5D528E49E0500A72B5C;
			productRefGroup = 4B19F5DF28E49E0500A72B5C /* Products */;
			projectDirPath = "";
			projectRoot = "";
			targets = (
				4B19F5DD28E49E0500A72B5C /* HEPI */,
				4B19F5F328E49E0600A72B5C /* HEPITests */,
				4B19F5FD28E49E0600A72B5C /* HEPIUITests */,
			);
		};
/* End PBXProject section */

/* Begin PBXResourcesBuildPhase section */
		4B19F5DC28E49E0500A72B5C /* Resources */ = {
			isa = PBXResourcesBuildPhase;
			buildActionMask = 2147483647;
			files = (
				4B19F5EE28E49E0600A72B5C /* LaunchScreen.storyboard in Resources */,
				4B19F5EB28E49E0600A72B5C /* Assets.xcassets in Resources */,
			);
			runOnlyForDeploymentPostprocessing = 0;
		};
		4B19F5F228E49E0600A72B5C /* Resources */ = {
			isa = PBXResourcesBuildPhase;
			buildActionMask = 2147483647;
			files = (
			);
			runOnlyForDeploymentPostprocessing = 0;
		};
		4B19F5FC28E49E0600A72B5C /* Resources */ = {
			isa = PBXResourcesBuildPhase;
			buildActionMask = 2147483647;
			files = (
			);
			runOnlyForDeploymentPostprocessing = 0;
		};
/* End PBXResourcesBuildPhase section */

/* Begin PBXShellScriptBuildPhase section */
		12B72B281BE8BD9864E4F016 /* [CP] Embed Pods Frameworks */ = {
			isa = PBXShellScriptBuildPhase;
			buildActionMask = 2147483647;
			files = (
			);
			inputFileListPaths = (
				"${PODS_ROOT}/Target Support Files/Pods-HEPI-HEPIUITests/Pods-HEPI-HEPIUITests-frameworks-${CONFIGURATION}-input-files.xcfilelist",
			);
			name = "[CP] Embed Pods Frameworks";
			outputFileListPaths = (
				"${PODS_ROOT}/Target Support Files/Pods-HEPI-HEPIUITests/Pods-HEPI-HEPIUITests-frameworks-${CONFIGURATION}-output-files.xcfilelist",
			);
			runOnlyForDeploymentPostprocessing = 0;
			shellPath = /bin/sh;
			shellScript = "\"${PODS_ROOT}/Target Support Files/Pods-HEPI-HEPIUITests/Pods-HEPI-HEPIUITests-frameworks.sh\"\n";
			showEnvVarsInLog = 0;
		};
		2AB5EC2B0157277E2AB169BB /* [CP] Check Pods Manifest.lock */ = {
			isa = PBXShellScriptBuildPhase;
			buildActionMask = 2147483647;
			files = (
			);
			inputFileListPaths = (
			);
			inputPaths = (
				"${PODS_PODFILE_DIR_PATH}/Podfile.lock",
				"${PODS_ROOT}/Manifest.lock",
			);
			name = "[CP] Check Pods Manifest.lock";
			outputFileListPaths = (
			);
			outputPaths = (
				"$(DERIVED_FILE_DIR)/Pods-HEPI-HEPIUITests-checkManifestLockResult.txt",
			);
			runOnlyForDeploymentPostprocessing = 0;
			shellPath = /bin/sh;
			shellScript = "diff \"${PODS_PODFILE_DIR_PATH}/Podfile.lock\" \"${PODS_ROOT}/Manifest.lock\" > /dev/null\nif [ $? != 0 ] ; then\n    # print error to STDERR\n    echo \"error: The sandbox is not in sync with the Podfile.lock. Run 'pod install' or update your CocoaPods installation.\" >&2\n    exit 1\nfi\n# This output is used by Xcode 'outputs' to avoid re-running this script phase.\necho \"SUCCESS\" > \"${SCRIPT_OUTPUT_FILE_0}\"\n";
			showEnvVarsInLog = 0;
		};
		9200367D64F9DFE3598409C0 /* [CP] Embed Pods Frameworks */ = {
			isa = PBXShellScriptBuildPhase;
			buildActionMask = 2147483647;
			files = (
			);
			inputFileListPaths = (
				"${PODS_ROOT}/Target Support Files/Pods-HEPI/Pods-HEPI-frameworks-${CONFIGURATION}-input-files.xcfilelist",
			);
			name = "[CP] Embed Pods Frameworks";
			outputFileListPaths = (
				"${PODS_ROOT}/Target Support Files/Pods-HEPI/Pods-HEPI-frameworks-${CONFIGURATION}-output-files.xcfilelist",
			);
			runOnlyForDeploymentPostprocessing = 0;
			shellPath = /bin/sh;
			shellScript = "\"${PODS_ROOT}/Target Support Files/Pods-HEPI/Pods-HEPI-frameworks.sh\"\n";
			showEnvVarsInLog = 0;
		};
		E4DA105E28692571168F80B0 /* [CP] Check Pods Manifest.lock */ = {
			isa = PBXShellScriptBuildPhase;
			buildActionMask = 2147483647;
			files = (
			);
			inputFileListPaths = (
			);
			inputPaths = (
				"${PODS_PODFILE_DIR_PATH}/Podfile.lock",
				"${PODS_ROOT}/Manifest.lock",
			);
			name = "[CP] Check Pods Manifest.lock";
			outputFileListPaths = (
			);
			outputPaths = (
				"$(DERIVED_FILE_DIR)/Pods-HEPI-checkManifestLockResult.txt",
			);
			runOnlyForDeploymentPostprocessing = 0;
			shellPath = /bin/sh;
			shellScript = "diff \"${PODS_PODFILE_DIR_PATH}/Podfile.lock\" \"${PODS_ROOT}/Manifest.lock\" > /dev/null\nif [ $? != 0 ] ; then\n    # print error to STDERR\n    echo \"error: The sandbox is not in sync with the Podfile.lock. Run 'pod install' or update your CocoaPods installation.\" >&2\n    exit 1\nfi\n# This output is used by Xcode 'outputs' to avoid re-running this script phase.\necho \"SUCCESS\" > \"${SCRIPT_OUTPUT_FILE_0}\"\n";
			showEnvVarsInLog = 0;
		};
		E8DDBC4D7C07783AFAE6C4CF /* [CP] Check Pods Manifest.lock */ = {
			isa = PBXShellScriptBuildPhase;
			buildActionMask = 2147483647;
			files = (
			);
			inputFileListPaths = (
			);
			inputPaths = (
				"${PODS_PODFILE_DIR_PATH}/Podfile.lock",
				"${PODS_ROOT}/Manifest.lock",
			);
			name = "[CP] Check Pods Manifest.lock";
			outputFileListPaths = (
			);
			outputPaths = (
				"$(DERIVED_FILE_DIR)/Pods-HEPITests-checkManifestLockResult.txt",
			);
			runOnlyForDeploymentPostprocessing = 0;
			shellPath = /bin/sh;
			shellScript = "diff \"${PODS_PODFILE_DIR_PATH}/Podfile.lock\" \"${PODS_ROOT}/Manifest.lock\" > /dev/null\nif [ $? != 0 ] ; then\n    # print error to STDERR\n    echo \"error: The sandbox is not in sync with the Podfile.lock. Run 'pod install' or update your CocoaPods installation.\" >&2\n    exit 1\nfi\n# This output is used by Xcode 'outputs' to avoid re-running this script phase.\necho \"SUCCESS\" > \"${SCRIPT_OUTPUT_FILE_0}\"\n";
			showEnvVarsInLog = 0;
		};
/* End PBXShellScriptBuildPhase section */

/* Begin PBXSourcesBuildPhase section */
		4B19F5DA28E49E0500A72B5C /* Sources */ = {
			isa = PBXSourcesBuildPhase;
			buildActionMask = 2147483647;
			files = (
				4B78DB1528EAD73500744386 /* Base Providers.swift in Sources */,
				4BC8119628EAD540000A7E42 /* API Model.swift in Sources */,
				4B4CDEA528E4A47600253B2F /* Extension.swift in Sources */,
				4B19F5E228E49E0500A72B5C /* AppDelegate.swift in Sources */,
				4B78DB1228EAD72600744386 /* Shared Layout.swift in Sources */,
				4B78DB0B28EAD6FC00744386 /* Api Services.swift in Sources */,
				4B78DB1028EAD71D00744386 /* Specific Layout.swift in Sources */,
				4B78DB0528EAD6BD00744386 /* Views.swift in Sources */,
				4B78DB0228EAD6B000744386 /* Class Model.swift in Sources */,
				4B19F5E428E49E0500A72B5C /* SceneDelegate.swift in Sources */,
				4B78DB1828EAD77600744386 /* Style Guide.swift in Sources */,
				4B4CDEA728E4A47E00253B2F /* Helper Class.swift in Sources */,
				4B78DB0828EAD6CC00744386 /* view model.swift in Sources */,
			);
			runOnlyForDeploymentPostprocessing = 0;
		};
		4B19F5F028E49E0600A72B5C /* Sources */ = {
			isa = PBXSourcesBuildPhase;
			buildActionMask = 2147483647;
			files = (
				4B19F5F928E49E0600A72B5C /* HEPITests.swift in Sources */,
			);
			runOnlyForDeploymentPostprocessing = 0;
		};
		4B19F5FA28E49E0600A72B5C /* Sources */ = {
			isa = PBXSourcesBuildPhase;
			buildActionMask = 2147483647;
			files = (
				4B19F60528E49E0600A72B5C /* HEPIUITestsLaunchTests.swift in Sources */,
				4B19F60328E49E0600A72B5C /* HEPIUITests.swift in Sources */,
			);
			runOnlyForDeploymentPostprocessing = 0;
		};
/* End PBXSourcesBuildPhase section */

/* Begin PBXTargetDependency section */
		4B19F5F628E49E0600A72B5C /* PBXTargetDependency */ = {
			isa = PBXTargetDependency;
			target = 4B19F5DD28E49E0500A72B5C /* HEPI */;
			targetProxy = 4B19F5F528E49E0600A72B5C /* PBXContainerItemProxy */;
		};
		4B19F60028E49E0600A72B5C /* PBXTargetDependency */ = {
			isa = PBXTargetDependency;
			target = 4B19F5DD28E49E0500A72B5C /* HEPI */;
			targetProxy = 4B19F5FF28E49E0600A72B5C /* PBXContainerItemProxy */;
		};
/* End PBXTargetDependency section */

/* Begin PBXVariantGroup section */
		4B19F5EC28E49E0600A72B5C /* LaunchScreen.storyboard */ = {
			isa = PBXVariantGroup;
			children = (
				4B19F5ED28E49E0600A72B5C /* Base */,
			);
			name = LaunchScreen.storyboard;
			sourceTree = "<group>";
		};
/* End PBXVariantGroup section */

/* Begin XCBuildConfiguration section */
		4B19F60628E49E0600A72B5C /* Debug */ = {
			isa = XCBuildConfiguration;
			buildSettings = {
				ALWAYS_SEARCH_USER_PATHS = NO;
				CLANG_ANALYZER_NONNULL = YES;
				CLANG_ANALYZER_NUMBER_OBJECT_CONVERSION = YES_AGGRESSIVE;
				CLANG_CXX_LANGUAGE_STANDARD = "gnu++17";
				CLANG_ENABLE_MODULES = YES;
				CLANG_ENABLE_OBJC_ARC = YES;
				CLANG_ENABLE_OBJC_WEAK = YES;
				CLANG_WARN_BLOCK_CAPTURE_AUTORELEASING = YES;
				CLANG_WARN_BOOL_CONVERSION = YES;
				CLANG_WARN_COMMA = YES;
				CLANG_WARN_CONSTANT_CONVERSION = YES;
				CLANG_WARN_DEPRECATED_OBJC_IMPLEMENTATIONS = YES;
				CLANG_WARN_DIRECT_OBJC_ISA_USAGE = YES_ERROR;
				CLANG_WARN_DOCUMENTATION_COMMENTS = YES;
				CLANG_WARN_EMPTY_BODY = YES;
				CLANG_WARN_ENUM_CONVERSION = YES;
				CLANG_WARN_INFINITE_RECURSION = YES;
				CLANG_WARN_INT_CONVERSION = YES;
				CLANG_WARN_NON_LITERAL_NULL_CONVERSION = YES;
				CLANG_WARN_OBJC_IMPLICIT_RETAIN_SELF = YES;
				CLANG_WARN_OBJC_LITERAL_CONVERSION = YES;
				CLANG_WARN_OBJC_ROOT_CLASS = YES_ERROR;
				CLANG_WARN_QUOTED_INCLUDE_IN_FRAMEWORK_HEADER = YES;
				CLANG_WARN_RANGE_LOOP_ANALYSIS = YES;
				CLANG_WARN_STRICT_PROTOTYPES = YES;
				CLANG_WARN_SUSPICIOUS_MOVE = YES;
				CLANG_WARN_UNGUARDED_AVAILABILITY = YES_AGGRESSIVE;
				CLANG_WARN_UNREACHABLE_CODE = YES;
				CLANG_WARN__DUPLICATE_METHOD_MATCH = YES;
				COPY_PHASE_STRIP = NO;
				DEBUG_INFORMATION_FORMAT = dwarf;
				ENABLE_STRICT_OBJC_MSGSEND = YES;
				ENABLE_TESTABILITY = YES;
				GCC_C_LANGUAGE_STANDARD = gnu11;
				GCC_DYNAMIC_NO_PIC = NO;
				GCC_NO_COMMON_BLOCKS = YES;
				GCC_OPTIMIZATION_LEVEL = 0;
				GCC_PREPROCESSOR_DEFINITIONS = (
					"DEBUG=1",
					"$(inherited)",
				);
				GCC_WARN_64_TO_32_BIT_CONVERSION = YES;
				GCC_WARN_ABOUT_RETURN_TYPE = YES_ERROR;
				GCC_WARN_UNDECLARED_SELECTOR = YES;
				GCC_WARN_UNINITIALIZED_AUTOS = YES_AGGRESSIVE;
				GCC_WARN_UNUSED_FUNCTION = YES;
				GCC_WARN_UNUSED_VARIABLE = YES;
				IPHONEOS_DEPLOYMENT_TARGET = 15.5;
				MTL_ENABLE_DEBUG_INFO = INCLUDE_SOURCE;
				MTL_FAST_MATH = YES;
				ONLY_ACTIVE_ARCH = YES;
				SDKROOT = iphoneos;
				SWIFT_ACTIVE_COMPILATION_CONDITIONS = DEBUG;
				SWIFT_OPTIMIZATION_LEVEL = "-Onone";
			};
			name = Debug;
		};
		4B19F60728E49E0600A72B5C /* Release */ = {
			isa = XCBuildConfiguration;
			buildSettings = {
				ALWAYS_SEARCH_USER_PATHS = NO;
				CLANG_ANALYZER_NONNULL = YES;
				CLANG_ANALYZER_NUMBER_OBJECT_CONVERSION = YES_AGGRESSIVE;
				CLANG_CXX_LANGUAGE_STANDARD = "gnu++17";
				CLANG_ENABLE_MODULES = YES;
				CLANG_ENABLE_OBJC_ARC = YES;
				CLANG_ENABLE_OBJC_WEAK = YES;
				CLANG_WARN_BLOCK_CAPTURE_AUTORELEASING = YES;
				CLANG_WARN_BOOL_CONVERSION = YES;
				CLANG_WARN_COMMA = YES;
				CLANG_WARN_CONSTANT_CONVERSION = YES;
				CLANG_WARN_DEPRECATED_OBJC_IMPLEMENTATIONS = YES;
				CLANG_WARN_DIRECT_OBJC_ISA_USAGE = YES_ERROR;
				CLANG_WARN_DOCUMENTATION_COMMENTS = YES;
				CLANG_WARN_EMPTY_BODY = YES;
				CLANG_WARN_ENUM_CONVERSION = YES;
				CLANG_WARN_INFINITE_RECURSION = YES;
				CLANG_WARN_INT_CONVERSION = YES;
				CLANG_WARN_NON_LITERAL_NULL_CONVERSION = YES;
				CLANG_WARN_OBJC_IMPLICIT_RETAIN_SELF = YES;
				CLANG_WARN_OBJC_LITERAL_CONVERSION = YES;
				CLANG_WARN_OBJC_ROOT_CLASS = YES_ERROR;
				CLANG_WARN_QUOTED_INCLUDE_IN_FRAMEWORK_HEADER = YES;
				CLANG_WARN_RANGE_LOOP_ANALYSIS = YES;
				CLANG_WARN_STRICT_PROTOTYPES = YES;
				CLANG_WARN_SUSPICIOUS_MOVE = YES;
				CLANG_WARN_UNGUARDED_AVAILABILITY = YES_AGGRESSIVE;
				CLANG_WARN_UNREACHABLE_CODE = YES;
				CLANG_WARN__DUPLICATE_METHOD_MATCH = YES;
				COPY_PHASE_STRIP = NO;
				DEBUG_INFORMATION_FORMAT = "dwarf-with-dsym";
				ENABLE_NS_ASSERTIONS = NO;
				ENABLE_STRICT_OBJC_MSGSEND = YES;
				GCC_C_LANGUAGE_STANDARD = gnu11;
				GCC_NO_COMMON_BLOCKS = YES;
				GCC_WARN_64_TO_32_BIT_CONVERSION = YES;
				GCC_WARN_ABOUT_RETURN_TYPE = YES_ERROR;
				GCC_WARN_UNDECLARED_SELECTOR = YES;
				GCC_WARN_UNINITIALIZED_AUTOS = YES_AGGRESSIVE;
				GCC_WARN_UNUSED_FUNCTION = YES;
				GCC_WARN_UNUSED_VARIABLE = YES;
				IPHONEOS_DEPLOYMENT_TARGET = 15.5;
				MTL_ENABLE_DEBUG_INFO = NO;
				MTL_FAST_MATH = YES;
				SDKROOT = iphoneos;
				SWIFT_COMPILATION_MODE = wholemodule;
				SWIFT_OPTIMIZATION_LEVEL = "-O";
				VALIDATE_PRODUCT = YES;
			};
			name = Release;
		};
		4B19F60928E49E0600A72B5C /* Debug */ = {
			isa = XCBuildConfiguration;
			baseConfigurationReference = 2BA31A4AFFEB97A96B41D354 /* Pods-HEPI.debug.xcconfig */;
			buildSettings = {
				ASSETCATALOG_COMPILER_APPICON_NAME = AppIcon;
				ASSETCATALOG_COMPILER_GLOBAL_ACCENT_COLOR_NAME = AccentColor;
				CODE_SIGN_STYLE = Automatic;
				CURRENT_PROJECT_VERSION = 1;
				DEVELOPMENT_TEAM = 38437W4ZU8;
				GENERATE_INFOPLIST_FILE = YES;
				INFOPLIST_FILE = HEPI/Info.plist;
				INFOPLIST_KEY_UIApplicationSupportsIndirectInputEvents = YES;
				INFOPLIST_KEY_UILaunchStoryboardName = LaunchScreen;
				INFOPLIST_KEY_UIMainStoryboardFile = Main;
				INFOPLIST_KEY_UISupportedInterfaceOrientations_iPad = "UIInterfaceOrientationPortrait UIInterfaceOrientationPortraitUpsideDown UIInterfaceOrientationLandscapeLeft UIInterfaceOrientationLandscapeRight";
				INFOPLIST_KEY_UISupportedInterfaceOrientations_iPhone = "UIInterfaceOrientationPortrait UIInterfaceOrientationLandscapeLeft UIInterfaceOrientationLandscapeRight";
				LD_RUNPATH_SEARCH_PATHS = (
					"$(inherited)",
					"@executable_path/Frameworks",
				);
				MARKETING_VERSION = 1.0;
				PRODUCT_BUNDLE_IDENTIFIER = "hepi-product.HEPI";
				PRODUCT_NAME = "$(TARGET_NAME)";
				SWIFT_EMIT_LOC_STRINGS = YES;
				SWIFT_VERSION = 5.0;
				TARGETED_DEVICE_FAMILY = "1,2";
			};
			name = Debug;
		};
		4B19F60A28E49E0600A72B5C /* Release */ = {
			isa = XCBuildConfiguration;
			baseConfigurationReference = 5F6CFAA50BF4965480023F05 /* Pods-HEPI.release.xcconfig */;
			buildSettings = {
				ASSETCATALOG_COMPILER_APPICON_NAME = AppIcon;
				ASSETCATALOG_COMPILER_GLOBAL_ACCENT_COLOR_NAME = AccentColor;
				CODE_SIGN_STYLE = Automatic;
				CURRENT_PROJECT_VERSION = 1;
				DEVELOPMENT_TEAM = 38437W4ZU8;
				GENERATE_INFOPLIST_FILE = YES;
				INFOPLIST_FILE = HEPI/Info.plist;
				INFOPLIST_KEY_UIApplicationSupportsIndirectInputEvents = YES;
				INFOPLIST_KEY_UILaunchStoryboardName = LaunchScreen;
				INFOPLIST_KEY_UIMainStoryboardFile = Main;
				INFOPLIST_KEY_UISupportedInterfaceOrientations_iPad = "UIInterfaceOrientationPortrait UIInterfaceOrientationPortraitUpsideDown UIInterfaceOrientationLandscapeLeft UIInterfaceOrientationLandscapeRight";
				INFOPLIST_KEY_UISupportedInterfaceOrientations_iPhone = "UIInterfaceOrientationPortrait UIInterfaceOrientationLandscapeLeft UIInterfaceOrientationLandscapeRight";
				LD_RUNPATH_SEARCH_PATHS = (
					"$(inherited)",
					"@executable_path/Frameworks",
				);
				MARKETING_VERSION = 1.0;
				PRODUCT_BUNDLE_IDENTIFIER = "hepi-product.HEPI";
				PRODUCT_NAME = "$(TARGET_NAME)";
				SWIFT_EMIT_LOC_STRINGS = YES;
				SWIFT_VERSION = 5.0;
				TARGETED_DEVICE_FAMILY = "1,2";
			};
			name = Release;
		};
		4B19F60C28E49E0600A72B5C /* Debug */ = {
			isa = XCBuildConfiguration;
			baseConfigurationReference = 5F28620AB1D8EE51649266CB /* Pods-HEPITests.debug.xcconfig */;
			buildSettings = {
				ALWAYS_EMBED_SWIFT_STANDARD_LIBRARIES = YES;
				BUNDLE_LOADER = "$(TEST_HOST)";
				CODE_SIGN_STYLE = Automatic;
				CURRENT_PROJECT_VERSION = 1;
				DEVELOPMENT_TEAM = 38437W4ZU8;
				GENERATE_INFOPLIST_FILE = YES;
				IPHONEOS_DEPLOYMENT_TARGET = 15.5;
				MARKETING_VERSION = 1.0;
				PRODUCT_BUNDLE_IDENTIFIER = "hepi-product.HEPITests";
				PRODUCT_NAME = "$(TARGET_NAME)";
				SWIFT_EMIT_LOC_STRINGS = NO;
				SWIFT_VERSION = 5.0;
				TARGETED_DEVICE_FAMILY = "1,2";
				TEST_HOST = "$(BUILT_PRODUCTS_DIR)/HEPI.app/HEPI";
			};
			name = Debug;
		};
		4B19F60D28E49E0600A72B5C /* Release */ = {
			isa = XCBuildConfiguration;
			baseConfigurationReference = 1B1D63E1F13F59D08CFDC59D /* Pods-HEPITests.release.xcconfig */;
			buildSettings = {
				ALWAYS_EMBED_SWIFT_STANDARD_LIBRARIES = YES;
				BUNDLE_LOADER = "$(TEST_HOST)";
				CODE_SIGN_STYLE = Automatic;
				CURRENT_PROJECT_VERSION = 1;
				DEVELOPMENT_TEAM = 38437W4ZU8;
				GENERATE_INFOPLIST_FILE = YES;
				IPHONEOS_DEPLOYMENT_TARGET = 15.5;
				MARKETING_VERSION = 1.0;
				PRODUCT_BUNDLE_IDENTIFIER = "hepi-product.HEPITests";
				PRODUCT_NAME = "$(TARGET_NAME)";
				SWIFT_EMIT_LOC_STRINGS = NO;
				SWIFT_VERSION = 5.0;
				TARGETED_DEVICE_FAMILY = "1,2";
				TEST_HOST = "$(BUILT_PRODUCTS_DIR)/HEPI.app/HEPI";
			};
			name = Release;
		};
		4B19F60F28E49E0600A72B5C /* Debug */ = {
			isa = XCBuildConfiguration;
			baseConfigurationReference = 26230790A5FC7C2B748DBCD8 /* Pods-HEPI-HEPIUITests.debug.xcconfig */;
			buildSettings = {
				ALWAYS_EMBED_SWIFT_STANDARD_LIBRARIES = YES;
				CODE_SIGN_STYLE = Automatic;
				CURRENT_PROJECT_VERSION = 1;
				DEVELOPMENT_TEAM = 38437W4ZU8;
				GENERATE_INFOPLIST_FILE = YES;
				MARKETING_VERSION = 1.0;
				PRODUCT_BUNDLE_IDENTIFIER = "hepi-product.HEPIUITests";
				PRODUCT_NAME = "$(TARGET_NAME)";
				SWIFT_EMIT_LOC_STRINGS = NO;
				SWIFT_VERSION = 5.0;
				TARGETED_DEVICE_FAMILY = "1,2";
				TEST_TARGET_NAME = HEPI;
			};
			name = Debug;
		};
		4B19F61028E49E0600A72B5C /* Release */ = {
			isa = XCBuildConfiguration;
			baseConfigurationReference = DD50D97BA5192A5187A0DC1B /* Pods-HEPI-HEPIUITests.release.xcconfig */;
			buildSettings = {
				ALWAYS_EMBED_SWIFT_STANDARD_LIBRARIES = YES;
				CODE_SIGN_STYLE = Automatic;
				CURRENT_PROJECT_VERSION = 1;
				DEVELOPMENT_TEAM = 38437W4ZU8;
				GENERATE_INFOPLIST_FILE = YES;
				MARKETING_VERSION = 1.0;
				PRODUCT_BUNDLE_IDENTIFIER = "hepi-product.HEPIUITests";
				PRODUCT_NAME = "$(TARGET_NAME)";
				SWIFT_EMIT_LOC_STRINGS = NO;
				SWIFT_VERSION = 5.0;
				TARGETED_DEVICE_FAMILY = "1,2";
				TEST_TARGET_NAME = HEPI;
			};
			name = Release;
		};
/* End XCBuildConfiguration section */

/* Begin XCConfigurationList section */
		4B19F5D928E49E0500A72B5C /* Build configuration list for PBXProject "HEPI" */ = {
			isa = XCConfigurationList;
			buildConfigurations = (
				4B19F60628E49E0600A72B5C /* Debug */,
				4B19F60728E49E0600A72B5C /* Release */,
			);
			defaultConfigurationIsVisible = 0;
			defaultConfigurationName = Release;
		};
		4B19F60828E49E0600A72B5C /* Build configuration list for PBXNativeTarget "HEPI" */ = {
			isa = XCConfigurationList;
			buildConfigurations = (
				4B19F60928E49E0600A72B5C /* Debug */,
				4B19F60A28E49E0600A72B5C /* Release */,
			);
			defaultConfigurationIsVisible = 0;
			defaultConfigurationName = Release;
		};
		4B19F60B28E49E0600A72B5C /* Build configuration list for PBXNativeTarget "HEPITests" */ = {
			isa = XCConfigurationList;
			buildConfigurations = (
				4B19F60C28E49E0600A72B5C /* Debug */,
				4B19F60D28E49E0600A72B5C /* Release */,
			);
			defaultConfigurationIsVisible = 0;
			defaultConfigurationName = Release;
		};
		4B19F60E28E49E0600A72B5C /* Build configuration list for PBXNativeTarget "HEPIUITests" */ = {
			isa = XCConfigurationList;
			buildConfigurations = (
				4B19F60F28E49E0600A72B5C /* Debug */,
				4B19F61028E49E0600A72B5C /* Release */,
			);
			defaultConfigurationIsVisible = 0;
			defaultConfigurationName = Release;
		};
/* End XCConfigurationList section */
	};
	rootObject = 4B19F5D628E49E0500A72B5C /* Project object */;
}
