// !$*UTF8*$!
{
	archiveVersion = 1;
	classes = {
	};
	objectVersion = 55;
	objects = {

/* Begin PBXBuildFile section */
		133D38D320DCD3EE6A23FCB1 /* Pods_HEPI_HEPIUITests.framework in Frameworks */ = {isa = PBXBuildFile; fileRef = 50FE6747AE7789083F1D3AC5 /* Pods_HEPI_HEPIUITests.framework */; };
		3F2367189B341E9DD12A9F0D /* Pods_HEPITests.framework in Frameworks */ = {isa = PBXBuildFile; fileRef = CA8511406B39350E54A00A12 /* Pods_HEPITests.framework */; };
		4B00BAA8296E5758008FB05C /* Account.storyboard in Resources */ = {isa = PBXBuildFile; fileRef = 4B00BAA7296E5758008FB05C /* Account.storyboard */; };
		4B00BAAD296E8399008FB05C /* AccountTableViewController.swift in Sources */ = {isa = PBXBuildFile; fileRef = 4B00BAAC296E8399008FB05C /* AccountTableViewController.swift */; };
		4B00BAB0296E8525008FB05C /* AccountTableViewModel.swift in Sources */ = {isa = PBXBuildFile; fileRef = 4B00BAAF296E8525008FB05C /* AccountTableViewModel.swift */; };
		4B00BB42296E95FA008FB05C /* RSAUtils.swift in Sources */ = {isa = PBXBuildFile; fileRef = 4B00BB41296E95FA008FB05C /* RSAUtils.swift */; };
		4B194F3128ED904B00F17FC9 /* Quote.storyboard in Resources */ = {isa = PBXBuildFile; fileRef = 4B194F3028ED904B00F17FC9 /* Quote.storyboard */; };
		4B194F3628ED919200F17FC9 /* QuoteTableViewCell.swift in Sources */ = {isa = PBXBuildFile; fileRef = 4B194F3428ED919200F17FC9 /* QuoteTableViewCell.swift */; };
		4B194F3728ED919200F17FC9 /* QuoteTableViewCell.xib in Resources */ = {isa = PBXBuildFile; fileRef = 4B194F3528ED919200F17FC9 /* QuoteTableViewCell.xib */; };
		4B194F3928EDAA6100F17FC9 /* QuotesViewController.swift in Sources */ = {isa = PBXBuildFile; fileRef = 4B194F3828EDAA6100F17FC9 /* QuotesViewController.swift */; };
		4B194F3B28EDAAC400F17FC9 /* QuoteViewModel.swift in Sources */ = {isa = PBXBuildFile; fileRef = 4B194F3A28EDAAC400F17FC9 /* QuoteViewModel.swift */; };
		4B194F3D28EDAF5500F17FC9 /* QuoteModel.swift in Sources */ = {isa = PBXBuildFile; fileRef = 4B194F3C28EDAF5500F17FC9 /* QuoteModel.swift */; };
		4B194F3F28EDB09F00F17FC9 /* Quote.swift in Sources */ = {isa = PBXBuildFile; fileRef = 4B194F3E28EDB09F00F17FC9 /* Quote.swift */; };
		4B194F4128EDBADA00F17FC9 /* Summary.storyboard in Resources */ = {isa = PBXBuildFile; fileRef = 4B194F4028EDBADA00F17FC9 /* Summary.storyboard */; };
		4B194F4328EEAD1300F17FC9 /* SummaryViewController.swift in Sources */ = {isa = PBXBuildFile; fileRef = 4B194F4228EEAD1300F17FC9 /* SummaryViewController.swift */; };
		4B194F4528EEADD900F17FC9 /* Summary.swift in Sources */ = {isa = PBXBuildFile; fileRef = 4B194F4428EEADD900F17FC9 /* Summary.swift */; };
		4B19F5E228E49E0500A72B5C /* AppDelegate.swift in Sources */ = {isa = PBXBuildFile; fileRef = 4B19F5E128E49E0500A72B5C /* AppDelegate.swift */; };
		4B19F5E428E49E0500A72B5C /* SceneDelegate.swift in Sources */ = {isa = PBXBuildFile; fileRef = 4B19F5E328E49E0500A72B5C /* SceneDelegate.swift */; };
		4B19F5EB28E49E0600A72B5C /* Assets.xcassets in Resources */ = {isa = PBXBuildFile; fileRef = 4B19F5EA28E49E0600A72B5C /* Assets.xcassets */; };
		4B19F5EE28E49E0600A72B5C /* LaunchScreen.storyboard in Resources */ = {isa = PBXBuildFile; fileRef = 4B19F5EC28E49E0600A72B5C /* LaunchScreen.storyboard */; };
		4B19F5F928E49E0600A72B5C /* HEPITests.swift in Sources */ = {isa = PBXBuildFile; fileRef = 4B19F5F828E49E0600A72B5C /* HEPITests.swift */; };
		4B19F60328E49E0600A72B5C /* HEPIUITests.swift in Sources */ = {isa = PBXBuildFile; fileRef = 4B19F60228E49E0600A72B5C /* HEPIUITests.swift */; };
		4B19F60528E49E0600A72B5C /* HEPIUITestsLaunchTests.swift in Sources */ = {isa = PBXBuildFile; fileRef = 4B19F60428E49E0600A72B5C /* HEPIUITestsLaunchTests.swift */; };
		4B45754228EC2C99007DB4A0 /* JournalingTableViewCell.swift in Sources */ = {isa = PBXBuildFile; fileRef = 4B45754028EC2C99007DB4A0 /* JournalingTableViewCell.swift */; };
		4B45754328EC2C99007DB4A0 /* JournalingTableViewCell.xib in Resources */ = {isa = PBXBuildFile; fileRef = 4B45754128EC2C99007DB4A0 /* JournalingTableViewCell.xib */; };
		4B49684A296D428F006C2EF1 /* LeftPaddedTextfield.swift in Sources */ = {isa = PBXBuildFile; fileRef = 4B496849296D428F006C2EF1 /* LeftPaddedTextfield.swift */; };
		4B50DEA128EC844E00EC0290 /* DetailJournalViewController.swift in Sources */ = {isa = PBXBuildFile; fileRef = 4B50DEA028EC844E00EC0290 /* DetailJournalViewController.swift */; };
		4B50DEA528EC909A00EC0290 /* DetailJournalViewModel.swift in Sources */ = {isa = PBXBuildFile; fileRef = 4B50DEA428EC909A00EC0290 /* DetailJournalViewModel.swift */; };
		4B622DAC294455DF00E42DAE /* CheckIn.swift in Sources */ = {isa = PBXBuildFile; fileRef = 4B622DAB294455DF00E42DAE /* CheckIn.swift */; };
		4B622DAF2944582600E42DAE /* ModalCheckInOutViewController.swift in Sources */ = {isa = PBXBuildFile; fileRef = 4B622DAE2944582600E42DAE /* ModalCheckInOutViewController.swift */; };
		4B622DB12944597F00E42DAE /* ReusableTabBar.swift in Sources */ = {isa = PBXBuildFile; fileRef = 4B622DB02944597F00E42DAE /* ReusableTabBar.swift */; };
		4B622DB32944599600E42DAE /* ReusableButton.swift in Sources */ = {isa = PBXBuildFile; fileRef = 4B622DB22944599600E42DAE /* ReusableButton.swift */; };
		4B622DB5294459B700E42DAE /* ReuseableLabel.swift in Sources */ = {isa = PBXBuildFile; fileRef = 4B622DB4294459B700E42DAE /* ReuseableLabel.swift */; };
		4B6A8F5928EC42720088960F /* SharedObjects.swift in Sources */ = {isa = PBXBuildFile; fileRef = 4B6A8F5828EC42720088960F /* SharedObjects.swift */; };
		4B6A8F5B28EC42F80088960F /* HelperFunction.swift in Sources */ = {isa = PBXBuildFile; fileRef = 4B6A8F5A28EC42F80088960F /* HelperFunction.swift */; };
		4B6A8F5D28EC44BC0088960F /* Enum.swift in Sources */ = {isa = PBXBuildFile; fileRef = 4B6A8F5C28EC44BC0088960F /* Enum.swift */; };
		4B6A8F5F28EC4A1C0088960F /* JournalViewModel.swift in Sources */ = {isa = PBXBuildFile; fileRef = 4B6A8F5E28EC4A1C0088960F /* JournalViewModel.swift */; };
		4B6A8F6428EC4F590088960F /* Journal.swift in Sources */ = {isa = PBXBuildFile; fileRef = 4B6A8F6328EC4F590088960F /* Journal.swift */; };
		4B6A8F6628EC50C60088960F /* Protocol.swift in Sources */ = {isa = PBXBuildFile; fileRef = 4B6A8F6528EC50C60088960F /* Protocol.swift */; };
		4B78DB0B28EAD6FC00744386 /* ApiService.swift in Sources */ = {isa = PBXBuildFile; fileRef = 4B78DB0A28EAD6FC00744386 /* ApiService.swift */; };
		4B78DB1828EAD77600744386 /* StyleGuides.swift in Sources */ = {isa = PBXBuildFile; fileRef = 4B78DB1728EAD77600744386 /* StyleGuides.swift */; };
		4B78DB3D28EC1ACD00744386 /* Main.storyboard in Resources */ = {isa = PBXBuildFile; fileRef = 4B78DB3C28EC1ACD00744386 /* Main.storyboard */; };
		4B78DB3F28EC1F7200744386 /* Journal.storyboard in Resources */ = {isa = PBXBuildFile; fileRef = 4B78DB3E28EC1F7200744386 /* Journal.storyboard */; };
		4B78DB4128EC230700744386 /* CustomNavigationController.swift in Sources */ = {isa = PBXBuildFile; fileRef = 4B78DB4028EC230700744386 /* CustomNavigationController.swift */; };
		4B78DB4328EC27F500744386 /* RoundedCard.swift in Sources */ = {isa = PBXBuildFile; fileRef = 4B78DB4228EC27F500744386 /* RoundedCard.swift */; };
		4B78DB4828EC298000744386 /* RoundedCard.xib in Resources */ = {isa = PBXBuildFile; fileRef = 4B78DB4728EC298000744386 /* RoundedCard.xib */; };
		4B78DB4A28EC2BD800744386 /* JournalingViewController.swift in Sources */ = {isa = PBXBuildFile; fileRef = 4B78DB4928EC2BD800744386 /* JournalingViewController.swift */; };
		4B8174242912B6930056D7F6 /* SummaryViewModel.swift in Sources */ = {isa = PBXBuildFile; fileRef = 4B8174232912B6930056D7F6 /* SummaryViewModel.swift */; };
		4B952E8D294371D100A7616A /* dateSearchCard.xib in Resources */ = {isa = PBXBuildFile; fileRef = 4B952E8C294371D100A7616A /* dateSearchCard.xib */; };
		4B952E8F294373E300A7616A /* dateSearchCard.swift in Sources */ = {isa = PBXBuildFile; fileRef = 4B952E8E294373E300A7616A /* dateSearchCard.swift */; };
		4BB4935B28EC40B000F3A482 /* ClassExtension.swift in Sources */ = {isa = PBXBuildFile; fileRef = 4BB4935A28EC40B000F3A482 /* ClassExtension.swift */; };
		4BB80B74293C60AC001FEC01 /* ModelLoader.swift in Sources */ = {isa = PBXBuildFile; fileRef = 4BB80B73293C60AC001FEC01 /* ModelLoader.swift */; };
		4BB80B76293C61F3001FEC01 /* GoogleService-Info.plist in Resources */ = {isa = PBXBuildFile; fileRef = 4BB80B75293C61F3001FEC01 /* GoogleService-Info.plist */; };
		4BB80B7A293C7EC5001FEC01 /* ClassificationResult.swift in Sources */ = {isa = PBXBuildFile; fileRef = 4BB80B79293C7EC4001FEC01 /* ClassificationResult.swift */; };
		4BDE55D1296DB2170004DFBB /* LoginViewController.swift in Sources */ = {isa = PBXBuildFile; fileRef = 4BDE55D0296DB2170004DFBB /* LoginViewController.swift */; };
		4BDE55D3296DB3270004DFBB /* SignUpViewController.swift in Sources */ = {isa = PBXBuildFile; fileRef = 4BDE55D2296DB3270004DFBB /* SignUpViewController.swift */; };
		4BEB3155296DBDA500F46404 /* LoginViewModel.swift in Sources */ = {isa = PBXBuildFile; fileRef = 4BEB3154296DBDA500F46404 /* LoginViewModel.swift */; };
		4BEB3157296DBDB000F46404 /* SignUpViewModel.swift in Sources */ = {isa = PBXBuildFile; fileRef = 4BEB3156296DBDB000F46404 /* SignUpViewModel.swift */; };
		B14FA3BD86E352D2A1DCE77E /* Pods_HEPI.framework in Frameworks */ = {isa = PBXBuildFile; fileRef = 377EB13AA3CFF0FF2CCE5C21 /* Pods_HEPI.framework */; };
/* End PBXBuildFile section */

/* Begin PBXContainerItemProxy section */
		4B19F5F528E49E0600A72B5C /* PBXContainerItemProxy */ = {
			isa = PBXContainerItemProxy;
			containerPortal = 4B19F5D628E49E0500A72B5C /* Project object */;
			proxyType = 1;
			remoteGlobalIDString = 4B19F5DD28E49E0500A72B5C;
			remoteInfo = HEPI;
		};
		4B19F5FF28E49E0600A72B5C /* PBXContainerItemProxy */ = {
			isa = PBXContainerItemProxy;
			containerPortal = 4B19F5D628E49E0500A72B5C /* Project object */;
			proxyType = 1;
			remoteGlobalIDString = 4B19F5DD28E49E0500A72B5C;
			remoteInfo = HEPI;
		};
/* End PBXContainerItemProxy section */

/* Begin PBXFileReference section */
		061D4F6FBFB702F92184ECBC /* Pods-HEPITests.debug.xcconfig */ = {isa = PBXFileReference; includeInIndex = 1; lastKnownFileType = text.xcconfig; name = "Pods-HEPITests.debug.xcconfig"; path = "Target Support Files/Pods-HEPITests/Pods-HEPITests.debug.xcconfig"; sourceTree = "<group>"; };
		326BB86F891A77FDDE3F6E8E /* Pods-HEPITests.release.xcconfig */ = {isa = PBXFileReference; includeInIndex = 1; lastKnownFileType = text.xcconfig; name = "Pods-HEPITests.release.xcconfig"; path = "Target Support Files/Pods-HEPITests/Pods-HEPITests.release.xcconfig"; sourceTree = "<group>"; };
		377EB13AA3CFF0FF2CCE5C21 /* Pods_HEPI.framework */ = {isa = PBXFileReference; explicitFileType = wrapper.framework; includeInIndex = 0; path = Pods_HEPI.framework; sourceTree = BUILT_PRODUCTS_DIR; };
		4B00BAA7296E5758008FB05C /* Account.storyboard */ = {isa = PBXFileReference; lastKnownFileType = file.storyboard; path = Account.storyboard; sourceTree = "<group>"; };
		4B00BAAC296E8399008FB05C /* AccountTableViewController.swift */ = {isa = PBXFileReference; lastKnownFileType = sourcecode.swift; path = AccountTableViewController.swift; sourceTree = "<group>"; };
		4B00BAAF296E8525008FB05C /* AccountTableViewModel.swift */ = {isa = PBXFileReference; lastKnownFileType = sourcecode.swift; path = AccountTableViewModel.swift; sourceTree = "<group>"; };
		4B00BB41296E95FA008FB05C /* RSAUtils.swift */ = {isa = PBXFileReference; lastKnownFileType = sourcecode.swift; name = RSAUtils.swift; path = ../../../../Documents/RSAUtils.swift; sourceTree = "<group>"; };
		4B194F3028ED904B00F17FC9 /* Quote.storyboard */ = {isa = PBXFileReference; lastKnownFileType = file.storyboard; path = Quote.storyboard; sourceTree = "<group>"; };
		4B194F3428ED919200F17FC9 /* QuoteTableViewCell.swift */ = {isa = PBXFileReference; lastKnownFileType = sourcecode.swift; path = QuoteTableViewCell.swift; sourceTree = "<group>"; };
		4B194F3528ED919200F17FC9 /* QuoteTableViewCell.xib */ = {isa = PBXFileReference; lastKnownFileType = file.xib; path = QuoteTableViewCell.xib; sourceTree = "<group>"; };
		4B194F3828EDAA6100F17FC9 /* QuotesViewController.swift */ = {isa = PBXFileReference; lastKnownFileType = sourcecode.swift; path = QuotesViewController.swift; sourceTree = "<group>"; };
		4B194F3A28EDAAC400F17FC9 /* QuoteViewModel.swift */ = {isa = PBXFileReference; lastKnownFileType = sourcecode.swift; path = QuoteViewModel.swift; sourceTree = "<group>"; };
		4B194F3C28EDAF5500F17FC9 /* QuoteModel.swift */ = {isa = PBXFileReference; lastKnownFileType = sourcecode.swift; path = QuoteModel.swift; sourceTree = "<group>"; };
		4B194F3E28EDB09F00F17FC9 /* Quote.swift */ = {isa = PBXFileReference; lastKnownFileType = sourcecode.swift; path = Quote.swift; sourceTree = "<group>"; };
		4B194F4028EDBADA00F17FC9 /* Summary.storyboard */ = {isa = PBXFileReference; lastKnownFileType = file.storyboard; path = Summary.storyboard; sourceTree = "<group>"; };
		4B194F4228EEAD1300F17FC9 /* SummaryViewController.swift */ = {isa = PBXFileReference; lastKnownFileType = sourcecode.swift; path = SummaryViewController.swift; sourceTree = "<group>"; };
		4B194F4428EEADD900F17FC9 /* Summary.swift */ = {isa = PBXFileReference; lastKnownFileType = sourcecode.swift; path = Summary.swift; sourceTree = "<group>"; };
		4B19F5DE28E49E0500A72B5C /* HEPI.app */ = {isa = PBXFileReference; explicitFileType = wrapper.application; includeInIndex = 0; path = HEPI.app; sourceTree = BUILT_PRODUCTS_DIR; };
		4B19F5E128E49E0500A72B5C /* AppDelegate.swift */ = {isa = PBXFileReference; lastKnownFileType = sourcecode.swift; path = AppDelegate.swift; sourceTree = "<group>"; };
		4B19F5E328E49E0500A72B5C /* SceneDelegate.swift */ = {isa = PBXFileReference; lastKnownFileType = sourcecode.swift; path = SceneDelegate.swift; sourceTree = "<group>"; };
		4B19F5EA28E49E0600A72B5C /* Assets.xcassets */ = {isa = PBXFileReference; lastKnownFileType = folder.assetcatalog; path = Assets.xcassets; sourceTree = "<group>"; };
		4B19F5ED28E49E0600A72B5C /* Base */ = {isa = PBXFileReference; lastKnownFileType = file.storyboard; name = Base; path = Base.lproj/LaunchScreen.storyboard; sourceTree = "<group>"; };
		4B19F5EF28E49E0600A72B5C /* Info.plist */ = {isa = PBXFileReference; lastKnownFileType = text.plist.xml; path = Info.plist; sourceTree = "<group>"; };
		4B19F5F428E49E0600A72B5C /* HEPITests.xctest */ = {isa = PBXFileReference; explicitFileType = wrapper.cfbundle; includeInIndex = 0; path = HEPITests.xctest; sourceTree = BUILT_PRODUCTS_DIR; };
		4B19F5F828E49E0600A72B5C /* HEPITests.swift */ = {isa = PBXFileReference; lastKnownFileType = sourcecode.swift; path = HEPITests.swift; sourceTree = "<group>"; };
		4B19F5FE28E49E0600A72B5C /* HEPIUITests.xctest */ = {isa = PBXFileReference; explicitFileType = wrapper.cfbundle; includeInIndex = 0; path = HEPIUITests.xctest; sourceTree = BUILT_PRODUCTS_DIR; };
		4B19F60228E49E0600A72B5C /* HEPIUITests.swift */ = {isa = PBXFileReference; lastKnownFileType = sourcecode.swift; path = HEPIUITests.swift; sourceTree = "<group>"; };
		4B19F60428E49E0600A72B5C /* HEPIUITestsLaunchTests.swift */ = {isa = PBXFileReference; lastKnownFileType = sourcecode.swift; path = HEPIUITestsLaunchTests.swift; sourceTree = "<group>"; };
		4B45754028EC2C99007DB4A0 /* JournalingTableViewCell.swift */ = {isa = PBXFileReference; lastKnownFileType = sourcecode.swift; path = JournalingTableViewCell.swift; sourceTree = "<group>"; };
		4B45754128EC2C99007DB4A0 /* JournalingTableViewCell.xib */ = {isa = PBXFileReference; lastKnownFileType = file.xib; name = JournalingTableViewCell.xib; path = ../JournalingTableViewCell.xib; sourceTree = "<group>"; };
		4B496849296D428F006C2EF1 /* LeftPaddedTextfield.swift */ = {isa = PBXFileReference; lastKnownFileType = sourcecode.swift; path = LeftPaddedTextfield.swift; sourceTree = "<group>"; };
		4B50DEA028EC844E00EC0290 /* DetailJournalViewController.swift */ = {isa = PBXFileReference; lastKnownFileType = sourcecode.swift; path = DetailJournalViewController.swift; sourceTree = "<group>"; };
		4B50DEA428EC909A00EC0290 /* DetailJournalViewModel.swift */ = {isa = PBXFileReference; lastKnownFileType = sourcecode.swift; path = DetailJournalViewModel.swift; sourceTree = "<group>"; };
		4B622DAB294455DF00E42DAE /* CheckIn.swift */ = {isa = PBXFileReference; lastKnownFileType = sourcecode.swift; path = CheckIn.swift; sourceTree = "<group>"; };
		4B622DAE2944582600E42DAE /* ModalCheckInOutViewController.swift */ = {isa = PBXFileReference; lastKnownFileType = sourcecode.swift; path = ModalCheckInOutViewController.swift; sourceTree = "<group>"; };
		4B622DB02944597F00E42DAE /* ReusableTabBar.swift */ = {isa = PBXFileReference; lastKnownFileType = sourcecode.swift; path = ReusableTabBar.swift; sourceTree = "<group>"; };
		4B622DB22944599600E42DAE /* ReusableButton.swift */ = {isa = PBXFileReference; lastKnownFileType = sourcecode.swift; path = ReusableButton.swift; sourceTree = "<group>"; };
		4B622DB4294459B700E42DAE /* ReuseableLabel.swift */ = {isa = PBXFileReference; lastKnownFileType = sourcecode.swift; path = ReuseableLabel.swift; sourceTree = "<group>"; };
		4B6A8F5828EC42720088960F /* SharedObjects.swift */ = {isa = PBXFileReference; lastKnownFileType = sourcecode.swift; path = SharedObjects.swift; sourceTree = "<group>"; };
		4B6A8F5A28EC42F80088960F /* HelperFunction.swift */ = {isa = PBXFileReference; lastKnownFileType = sourcecode.swift; path = HelperFunction.swift; sourceTree = "<group>"; };
		4B6A8F5C28EC44BC0088960F /* Enum.swift */ = {isa = PBXFileReference; lastKnownFileType = sourcecode.swift; path = Enum.swift; sourceTree = "<group>"; };
		4B6A8F5E28EC4A1C0088960F /* JournalViewModel.swift */ = {isa = PBXFileReference; lastKnownFileType = sourcecode.swift; path = JournalViewModel.swift; sourceTree = "<group>"; };
		4B6A8F6328EC4F590088960F /* Journal.swift */ = {isa = PBXFileReference; lastKnownFileType = sourcecode.swift; path = Journal.swift; sourceTree = "<group>"; };
		4B6A8F6528EC50C60088960F /* Protocol.swift */ = {isa = PBXFileReference; lastKnownFileType = sourcecode.swift; path = Protocol.swift; sourceTree = "<group>"; };
		4B78DB0A28EAD6FC00744386 /* ApiService.swift */ = {isa = PBXFileReference; lastKnownFileType = sourcecode.swift; path = ApiService.swift; sourceTree = "<group>"; };
		4B78DB1728EAD77600744386 /* StyleGuides.swift */ = {isa = PBXFileReference; lastKnownFileType = sourcecode.swift; path = StyleGuides.swift; sourceTree = "<group>"; };
		4B78DB3C28EC1ACD00744386 /* Main.storyboard */ = {isa = PBXFileReference; lastKnownFileType = file.storyboard; path = Main.storyboard; sourceTree = "<group>"; };
		4B78DB3E28EC1F7200744386 /* Journal.storyboard */ = {isa = PBXFileReference; lastKnownFileType = file.storyboard; path = Journal.storyboard; sourceTree = "<group>"; };
		4B78DB4028EC230700744386 /* CustomNavigationController.swift */ = {isa = PBXFileReference; lastKnownFileType = sourcecode.swift; path = CustomNavigationController.swift; sourceTree = "<group>"; };
		4B78DB4228EC27F500744386 /* RoundedCard.swift */ = {isa = PBXFileReference; lastKnownFileType = sourcecode.swift; path = RoundedCard.swift; sourceTree = "<group>"; };
		4B78DB4728EC298000744386 /* RoundedCard.xib */ = {isa = PBXFileReference; lastKnownFileType = file.xib; path = RoundedCard.xib; sourceTree = "<group>"; };
		4B78DB4928EC2BD800744386 /* JournalingViewController.swift */ = {isa = PBXFileReference; lastKnownFileType = sourcecode.swift; path = JournalingViewController.swift; sourceTree = "<group>"; };
		4B8174232912B6930056D7F6 /* SummaryViewModel.swift */ = {isa = PBXFileReference; fileEncoding = 4; lastKnownFileType = sourcecode.swift; path = SummaryViewModel.swift; sourceTree = "<group>"; };
		4B952E8C294371D100A7616A /* dateSearchCard.xib */ = {isa = PBXFileReference; lastKnownFileType = file.xib; path = dateSearchCard.xib; sourceTree = "<group>"; };
		4B952E8E294373E300A7616A /* dateSearchCard.swift */ = {isa = PBXFileReference; lastKnownFileType = sourcecode.swift; path = dateSearchCard.swift; sourceTree = "<group>"; };
		4BB4935A28EC40B000F3A482 /* ClassExtension.swift */ = {isa = PBXFileReference; lastKnownFileType = sourcecode.swift; path = ClassExtension.swift; sourceTree = "<group>"; };
		4BB80B73293C60AC001FEC01 /* ModelLoader.swift */ = {isa = PBXFileReference; lastKnownFileType = sourcecode.swift; path = ModelLoader.swift; sourceTree = "<group>"; };
		4BB80B75293C61F3001FEC01 /* GoogleService-Info.plist */ = {isa = PBXFileReference; fileEncoding = 4; lastKnownFileType = text.plist.xml; path = "GoogleService-Info.plist"; sourceTree = "<group>"; };
		4BB80B79293C7EC4001FEC01 /* ClassificationResult.swift */ = {isa = PBXFileReference; lastKnownFileType = sourcecode.swift; path = ClassificationResult.swift; sourceTree = "<group>"; };
		4BDE55D0296DB2170004DFBB /* LoginViewController.swift */ = {isa = PBXFileReference; lastKnownFileType = sourcecode.swift; path = LoginViewController.swift; sourceTree = "<group>"; };
		4BDE55D2296DB3270004DFBB /* SignUpViewController.swift */ = {isa = PBXFileReference; lastKnownFileType = sourcecode.swift; path = SignUpViewController.swift; sourceTree = "<group>"; };
		4BEB3154296DBDA500F46404 /* LoginViewModel.swift */ = {isa = PBXFileReference; lastKnownFileType = sourcecode.swift; path = LoginViewModel.swift; sourceTree = "<group>"; };
		4BEB3156296DBDB000F46404 /* SignUpViewModel.swift */ = {isa = PBXFileReference; lastKnownFileType = sourcecode.swift; path = SignUpViewModel.swift; sourceTree = "<group>"; };
		50FE6747AE7789083F1D3AC5 /* Pods_HEPI_HEPIUITests.framework */ = {isa = PBXFileReference; explicitFileType = wrapper.framework; includeInIndex = 0; path = Pods_HEPI_HEPIUITests.framework; sourceTree = BUILT_PRODUCTS_DIR; };
		89CD93ED96B5756AE2FF5BFA /* Pods-HEPI-HEPIUITests.release.xcconfig */ = {isa = PBXFileReference; includeInIndex = 1; lastKnownFileType = text.xcconfig; name = "Pods-HEPI-HEPIUITests.release.xcconfig"; path = "Target Support Files/Pods-HEPI-HEPIUITests/Pods-HEPI-HEPIUITests.release.xcconfig"; sourceTree = "<group>"; };
		8F8EECDC1C2D3A22F6D39432 /* Pods-HEPI.debug.xcconfig */ = {isa = PBXFileReference; includeInIndex = 1; lastKnownFileType = text.xcconfig; name = "Pods-HEPI.debug.xcconfig"; path = "Target Support Files/Pods-HEPI/Pods-HEPI.debug.xcconfig"; sourceTree = "<group>"; };
		CA8511406B39350E54A00A12 /* Pods_HEPITests.framework */ = {isa = PBXFileReference; explicitFileType = wrapper.framework; includeInIndex = 0; path = Pods_HEPITests.framework; sourceTree = BUILT_PRODUCTS_DIR; };
		D74D33CAB48080B459E9D72D /* Pods-HEPI.release.xcconfig */ = {isa = PBXFileReference; includeInIndex = 1; lastKnownFileType = text.xcconfig; name = "Pods-HEPI.release.xcconfig"; path = "Target Support Files/Pods-HEPI/Pods-HEPI.release.xcconfig"; sourceTree = "<group>"; };
		DBF35E6B7665AE1A04EB97AE /* Pods-HEPI-HEPIUITests.debug.xcconfig */ = {isa = PBXFileReference; includeInIndex = 1; lastKnownFileType = text.xcconfig; name = "Pods-HEPI-HEPIUITests.debug.xcconfig"; path = "Target Support Files/Pods-HEPI-HEPIUITests/Pods-HEPI-HEPIUITests.debug.xcconfig"; sourceTree = "<group>"; };
/* End PBXFileReference section */

/* Begin PBXFrameworksBuildPhase section */
		4B19F5DB28E49E0500A72B5C /* Frameworks */ = {
			isa = PBXFrameworksBuildPhase;
			buildActionMask = 2147483647;
			files = (
				B14FA3BD86E352D2A1DCE77E /* Pods_HEPI.framework in Frameworks */,
			);
			runOnlyForDeploymentPostprocessing = 0;
		};
		4B19F5F128E49E0600A72B5C /* Frameworks */ = {
			isa = PBXFrameworksBuildPhase;
			buildActionMask = 2147483647;
			files = (
				3F2367189B341E9DD12A9F0D /* Pods_HEPITests.framework in Frameworks */,
			);
			runOnlyForDeploymentPostprocessing = 0;
		};
		4B19F5FB28E49E0600A72B5C /* Frameworks */ = {
			isa = PBXFrameworksBuildPhase;
			buildActionMask = 2147483647;
			files = (
				133D38D320DCD3EE6A23FCB1 /* Pods_HEPI_HEPIUITests.framework in Frameworks */,
			);
			runOnlyForDeploymentPostprocessing = 0;
		};
/* End PBXFrameworksBuildPhase section */

/* Begin PBXGroup section */
		4B00BAA9296E836E008FB05C /* Account */ = {
			isa = PBXGroup;
			children = (
				4B00BAAC296E8399008FB05C /* AccountTableViewController.swift */,
			);
			path = Account;
			sourceTree = "<group>";
		};
		4B00BAAE296E8515008FB05C /* Account */ = {
			isa = PBXGroup;
			children = (
				4B00BAAF296E8525008FB05C /* AccountTableViewModel.swift */,
			);
			path = Account;
			sourceTree = "<group>";
		};
		4B19F5D528E49E0500A72B5C = {
			isa = PBXGroup;
			children = (
				4B19F5E028E49E0500A72B5C /* HEPI */,
				4B19F5F728E49E0600A72B5C /* HEPITests */,
				4B19F60128E49E0600A72B5C /* HEPIUITests */,
				4B19F5DF28E49E0500A72B5C /* Products */,
				FF14E35A278343EA30FF23A5 /* Pods */,
				4EEE0F1138E79F116237A89F /* Frameworks */,
			);
			sourceTree = "<group>";
		};
		4B19F5DF28E49E0500A72B5C /* Products */ = {
			isa = PBXGroup;
			children = (
				4B19F5DE28E49E0500A72B5C /* HEPI.app */,
				4B19F5F428E49E0600A72B5C /* HEPITests.xctest */,
				4B19F5FE28E49E0600A72B5C /* HEPIUITests.xctest */,
			);
			name = Products;
			sourceTree = "<group>";
		};
		4B19F5E028E49E0500A72B5C /* HEPI */ = {
			isa = PBXGroup;
			children = (
				4B4CDE9828E4A3FB00253B2F /* Base */,
				4BB80B72293C60A0001FEC01 /* Model */,
				4B78DB0C28EAD70600744386 /* Components */,
				4B78DB0928EAD6F000744386 /* Services */,
				4B78DB0628EAD6C000744386 /* ViewModels */,
				4B78DB0328EAD6B500744386 /* Views */,
				4B78DB3B28EC1ABE00744386 /* Storyboard */,
				4B4CDEA328E4A44B00253B2F /* Utils */,
				4B19F5EA28E49E0600A72B5C /* Assets.xcassets */,
				4B19F5EC28E49E0600A72B5C /* LaunchScreen.storyboard */,
				4B19F5EF28E49E0600A72B5C /* Info.plist */,
				4BB80B75293C61F3001FEC01 /* GoogleService-Info.plist */,
			);
			path = HEPI;
			sourceTree = "<group>";
		};
		4B19F5F728E49E0600A72B5C /* HEPITests */ = {
			isa = PBXGroup;
			children = (
				4B19F5F828E49E0600A72B5C /* HEPITests.swift */,
			);
			path = HEPITests;
			sourceTree = "<group>";
		};
		4B19F60128E49E0600A72B5C /* HEPIUITests */ = {
			isa = PBXGroup;
			children = (
				4B19F60228E49E0600A72B5C /* HEPIUITests.swift */,
				4B19F60428E49E0600A72B5C /* HEPIUITestsLaunchTests.swift */,
			);
			path = HEPIUITests;
			sourceTree = "<group>";
		};
		4B4CDE9828E4A3FB00253B2F /* Base */ = {
			isa = PBXGroup;
			children = (
				4B19F5E128E49E0500A72B5C /* AppDelegate.swift */,
				4B19F5E328E49E0500A72B5C /* SceneDelegate.swift */,
			);
			path = Base;
			sourceTree = "<group>";
		};
		4B4CDEA328E4A44B00253B2F /* Utils */ = {
			isa = PBXGroup;
			children = (
				4B78DB1728EAD77600744386 /* StyleGuides.swift */,
				4BB4935A28EC40B000F3A482 /* ClassExtension.swift */,
				4B6A8F5828EC42720088960F /* SharedObjects.swift */,
				4B6A8F5A28EC42F80088960F /* HelperFunction.swift */,
				4B6A8F5C28EC44BC0088960F /* Enum.swift */,
				4B6A8F6528EC50C60088960F /* Protocol.swift */,
				4B00BB41296E95FA008FB05C /* RSAUtils.swift */,
			);
			path = Utils;
			sourceTree = "<group>";
		};
		4B5908012944DA5900DDD645 /* Domain */ = {
			isa = PBXGroup;
			children = (
				4B5908032944DA7100DDD645 /* Modelling */,
				4B5908022944DA6300DDD645 /* Response */,
			);
			path = Domain;
			sourceTree = "<group>";
		};
		4B5908022944DA6300DDD645 /* Response */ = {
			isa = PBXGroup;
			children = (
				4B194F3C28EDAF5500F17FC9 /* QuoteModel.swift */,
			);
			path = Response;
			sourceTree = "<group>";
		};
		4B5908032944DA7100DDD645 /* Modelling */ = {
			isa = PBXGroup;
			children = (
				4B194F3E28EDB09F00F17FC9 /* Quote.swift */,
			);
			path = Modelling;
			sourceTree = "<group>";
		};
		4B5908042944DA7F00DDD645 /* Domain */ = {
			isa = PBXGroup;
			children = (
				4B194F4428EEADD900F17FC9 /* Summary.swift */,
			);
			path = Domain;
			sourceTree = "<group>";
		};
		4B622DA9294455C200E42DAE /* Journaling */ = {
			isa = PBXGroup;
			children = (
				4B622DB62944D84F00E42DAE /* DetailJournal */,
				4B622DAA294455C900E42DAE /* Domain */,
				4B78DB4928EC2BD800744386 /* JournalingViewController.swift */,
			);
			path = Journaling;
			sourceTree = "<group>";
		};
		4B622DAA294455C900E42DAE /* Domain */ = {
			isa = PBXGroup;
			children = (
				4BB80B79293C7EC4001FEC01 /* ClassificationResult.swift */,
				4B6A8F6328EC4F590088960F /* Journal.swift */,
				4B622DAB294455DF00E42DAE /* CheckIn.swift */,
			);
			path = Domain;
			sourceTree = "<group>";
		};
		4B622DB62944D84F00E42DAE /* DetailJournal */ = {
			isa = PBXGroup;
			children = (
				4B50DEA028EC844E00EC0290 /* DetailJournalViewController.swift */,
			);
			path = DetailJournal;
			sourceTree = "<group>";
		};
		4B622DB72944D85A00E42DAE /* Quotes */ = {
			isa = PBXGroup;
			children = (
				4B5908012944DA5900DDD645 /* Domain */,
				4B194F3828EDAA6100F17FC9 /* QuotesViewController.swift */,
			);
			path = Quotes;
			sourceTree = "<group>";
		};
		4B622DB82944D86C00E42DAE /* Summary */ = {
			isa = PBXGroup;
			children = (
				4B5908042944DA7F00DDD645 /* Domain */,
				4B194F4228EEAD1300F17FC9 /* SummaryViewController.swift */,
			);
			path = Summary;
			sourceTree = "<group>";
		};
		4B622DBA2944D88F00E42DAE /* Summary */ = {
			isa = PBXGroup;
			children = (
				4B8174232912B6930056D7F6 /* SummaryViewModel.swift */,
			);
			path = Summary;
			sourceTree = "<group>";
		};
		4B622DBB2944D89600E42DAE /* Journaling */ = {
			isa = PBXGroup;
			children = (
				4B622DBC2944D8A000E42DAE /* DetailJournal */,
				4B6A8F5E28EC4A1C0088960F /* JournalViewModel.swift */,
			);
			path = Journaling;
			sourceTree = "<group>";
		};
		4B622DBC2944D8A000E42DAE /* DetailJournal */ = {
			isa = PBXGroup;
			children = (
				4B50DEA428EC909A00EC0290 /* DetailJournalViewModel.swift */,
			);
			path = DetailJournal;
			sourceTree = "<group>";
		};
		4B622DBD2944D8BF00E42DAE /* Quote */ = {
			isa = PBXGroup;
			children = (
				4B194F3A28EDAAC400F17FC9 /* QuoteViewModel.swift */,
			);
			path = Quote;
			sourceTree = "<group>";
		};
		4B78DB0328EAD6B500744386 /* Views */ = {
			isa = PBXGroup;
			children = (
				4B00BAA9296E836E008FB05C /* Account */,
				4BDE55CF296DB1D00004DFBB /* Main */,
				4B622DB82944D86C00E42DAE /* Summary */,
				4B622DB72944D85A00E42DAE /* Quotes */,
				4B622DA9294455C200E42DAE /* Journaling */,
			);
			path = Views;
			sourceTree = "<group>";
		};
		4B78DB0628EAD6C000744386 /* ViewModels */ = {
			isa = PBXGroup;
			children = (
				4B00BAAE296E8515008FB05C /* Account */,
				4BEB3153296DBD9C00F46404 /* Main */,
				4B622DBD2944D8BF00E42DAE /* Quote */,
				4B622DBB2944D89600E42DAE /* Journaling */,
				4B622DBA2944D88F00E42DAE /* Summary */,
			);
			path = ViewModels;
			sourceTree = "<group>";
		};
		4B78DB0928EAD6F000744386 /* Services */ = {
			isa = PBXGroup;
			children = (
				4B78DB0A28EAD6FC00744386 /* ApiService.swift */,
			);
			path = Services;
			sourceTree = "<group>";
		};
		4B78DB0C28EAD70600744386 /* Components */ = {
			isa = PBXGroup;
			children = (
				4B78DB0E28EAD70F00744386 /* Specific Layout */,
				4B78DB0D28EAD70A00744386 /* Shared Layout */,
			);
			path = Components;
			sourceTree = "<group>";
		};
		4B78DB0D28EAD70A00744386 /* Shared Layout */ = {
			isa = PBXGroup;
			children = (
				4B78DB4428EC294C00744386 /* XIB */,
				4B622DAE2944582600E42DAE /* ModalCheckInOutViewController.swift */,
				4B622DB02944597F00E42DAE /* ReusableTabBar.swift */,
				4B622DB22944599600E42DAE /* ReusableButton.swift */,
				4B622DB4294459B700E42DAE /* ReuseableLabel.swift */,
				4B78DB4028EC230700744386 /* CustomNavigationController.swift */,
				4B194F3428ED919200F17FC9 /* QuoteTableViewCell.swift */,
				4B78DB4228EC27F500744386 /* RoundedCard.swift */,
				4B952E8E294373E300A7616A /* dateSearchCard.swift */,
				4B496849296D428F006C2EF1 /* LeftPaddedTextfield.swift */,
			);
			path = "Shared Layout";
			sourceTree = "<group>";
		};
		4B78DB0E28EAD70F00744386 /* Specific Layout */ = {
			isa = PBXGroup;
			children = (
				4B78DB4C28EC2C2100744386 /* XIB */,
				4B45754028EC2C99007DB4A0 /* JournalingTableViewCell.swift */,
			);
			path = "Specific Layout";
			sourceTree = "<group>";
		};
		4B78DB3B28EC1ABE00744386 /* Storyboard */ = {
			isa = PBXGroup;
			children = (
				4B78DB3C28EC1ACD00744386 /* Main.storyboard */,
				4B78DB3E28EC1F7200744386 /* Journal.storyboard */,
				4B194F3028ED904B00F17FC9 /* Quote.storyboard */,
				4B194F4028EDBADA00F17FC9 /* Summary.storyboard */,
				4B00BAA7296E5758008FB05C /* Account.storyboard */,
			);
			path = Storyboard;
			sourceTree = "<group>";
		};
		4B78DB4428EC294C00744386 /* XIB */ = {
			isa = PBXGroup;
			children = (
				4B952E8C294371D100A7616A /* dateSearchCard.xib */,
				4B78DB4728EC298000744386 /* RoundedCard.xib */,
				4B194F3528ED919200F17FC9 /* QuoteTableViewCell.xib */,
			);
			path = XIB;
			sourceTree = "<group>";
		};
		4B78DB4C28EC2C2100744386 /* XIB */ = {
			isa = PBXGroup;
			children = (
				4B45754128EC2C99007DB4A0 /* JournalingTableViewCell.xib */,
			);
			path = XIB;
			sourceTree = "<group>";
		};
		4BB80B72293C60A0001FEC01 /* Model */ = {
			isa = PBXGroup;
			children = (
				4BB80B73293C60AC001FEC01 /* ModelLoader.swift */,
			);
			path = Model;
			sourceTree = "<group>";
		};
		4BDE55CF296DB1D00004DFBB /* Main */ = {
			isa = PBXGroup;
			children = (
				4BDE55D0296DB2170004DFBB /* LoginViewController.swift */,
				4BDE55D2296DB3270004DFBB /* SignUpViewController.swift */,
			);
			path = Main;
			sourceTree = "<group>";
		};
		4BEB3153296DBD9C00F46404 /* Main */ = {
			isa = PBXGroup;
			children = (
				4BEB3154296DBDA500F46404 /* LoginViewModel.swift */,
				4BEB3156296DBDB000F46404 /* SignUpViewModel.swift */,
			);
			path = Main;
			sourceTree = "<group>";
		};
		4EEE0F1138E79F116237A89F /* Frameworks */ = {
			isa = PBXGroup;
			children = (
				377EB13AA3CFF0FF2CCE5C21 /* Pods_HEPI.framework */,
				50FE6747AE7789083F1D3AC5 /* Pods_HEPI_HEPIUITests.framework */,
				CA8511406B39350E54A00A12 /* Pods_HEPITests.framework */,
			);
			name = Frameworks;
			sourceTree = "<group>";
		};
		FF14E35A278343EA30FF23A5 /* Pods */ = {
			isa = PBXGroup;
			children = (
				8F8EECDC1C2D3A22F6D39432 /* Pods-HEPI.debug.xcconfig */,
				D74D33CAB48080B459E9D72D /* Pods-HEPI.release.xcconfig */,
				DBF35E6B7665AE1A04EB97AE /* Pods-HEPI-HEPIUITests.debug.xcconfig */,
				89CD93ED96B5756AE2FF5BFA /* Pods-HEPI-HEPIUITests.release.xcconfig */,
				061D4F6FBFB702F92184ECBC /* Pods-HEPITests.debug.xcconfig */,
				326BB86F891A77FDDE3F6E8E /* Pods-HEPITests.release.xcconfig */,
			);
			path = Pods;
			sourceTree = "<group>";
		};
/* End PBXGroup section */

/* Begin PBXNativeTarget section */
		4B19F5DD28E49E0500A72B5C /* HEPI */ = {
			isa = PBXNativeTarget;
			buildConfigurationList = 4B19F60828E49E0600A72B5C /* Build configuration list for PBXNativeTarget "HEPI" */;
			buildPhases = (
				AB38376B1DE8B51922523639 /* [CP] Check Pods Manifest.lock */,
				4B19F5DA28E49E0500A72B5C /* Sources */,
				4B19F5DB28E49E0500A72B5C /* Frameworks */,
				4B19F5DC28E49E0500A72B5C /* Resources */,
				C9543CE2125C27965B6E43AB /* [CP] Embed Pods Frameworks */,
			);
			buildRules = (
			);
			dependencies = (
			);
			name = HEPI;
			productName = HEPI;
			productReference = 4B19F5DE28E49E0500A72B5C /* HEPI.app */;
			productType = "com.apple.product-type.application";
		};
		4B19F5F328E49E0600A72B5C /* HEPITests */ = {
			isa = PBXNativeTarget;
			buildConfigurationList = 4B19F60B28E49E0600A72B5C /* Build configuration list for PBXNativeTarget "HEPITests" */;
			buildPhases = (
				93725E0A70CA20609F2F195B /* [CP] Check Pods Manifest.lock */,
				4B19F5F028E49E0600A72B5C /* Sources */,
				4B19F5F128E49E0600A72B5C /* Frameworks */,
				4B19F5F228E49E0600A72B5C /* Resources */,
			);
			buildRules = (
			);
			dependencies = (
				4B19F5F628E49E0600A72B5C /* PBXTargetDependency */,
			);
			name = HEPITests;
			productName = HEPITests;
			productReference = 4B19F5F428E49E0600A72B5C /* HEPITests.xctest */;
			productType = "com.apple.product-type.bundle.unit-test";
		};
		4B19F5FD28E49E0600A72B5C /* HEPIUITests */ = {
			isa = PBXNativeTarget;
			buildConfigurationList = 4B19F60E28E49E0600A72B5C /* Build configuration list for PBXNativeTarget "HEPIUITests" */;
			buildPhases = (
				81EE86C669283DCF2924EF04 /* [CP] Check Pods Manifest.lock */,
				4B19F5FA28E49E0600A72B5C /* Sources */,
				4B19F5FB28E49E0600A72B5C /* Frameworks */,
				4B19F5FC28E49E0600A72B5C /* Resources */,
				4659ED4A8F2B43E738301FF9 /* [CP] Embed Pods Frameworks */,
			);
			buildRules = (
			);
			dependencies = (
				4B19F60028E49E0600A72B5C /* PBXTargetDependency */,
			);
			name = HEPIUITests;
			productName = HEPIUITests;
			productReference = 4B19F5FE28E49E0600A72B5C /* HEPIUITests.xctest */;
			productType = "com.apple.product-type.bundle.ui-testing";
		};
/* End PBXNativeTarget section */

/* Begin PBXProject section */
		4B19F5D628E49E0500A72B5C /* Project object */ = {
			isa = PBXProject;
			attributes = {
				BuildIndependentTargetsInParallel = 1;
				LastSwiftUpdateCheck = 1340;
				LastUpgradeCheck = 1340;
				TargetAttributes = {
					4B19F5DD28E49E0500A72B5C = {
						CreatedOnToolsVersion = 13.4.1;
					};
					4B19F5F328E49E0600A72B5C = {
						CreatedOnToolsVersion = 13.4.1;
						TestTargetID = 4B19F5DD28E49E0500A72B5C;
					};
					4B19F5FD28E49E0600A72B5C = {
						CreatedOnToolsVersion = 13.4.1;
						TestTargetID = 4B19F5DD28E49E0500A72B5C;
					};
				};
			};
			buildConfigurationList = 4B19F5D928E49E0500A72B5C /* Build configuration list for PBXProject "HEPI" */;
			compatibilityVersion = "Xcode 13.0";
			developmentRegion = en;
			hasScannedForEncodings = 0;
			knownRegions = (
				en,
				Base,
			);
			mainGroup = 4B19F5D528E49E0500A72B5C;
			productRefGroup = 4B19F5DF28E49E0500A72B5C /* Products */;
			projectDirPath = "";
			projectRoot = "";
			targets = (
				4B19F5DD28E49E0500A72B5C /* HEPI */,
				4B19F5F328E49E0600A72B5C /* HEPITests */,
				4B19F5FD28E49E0600A72B5C /* HEPIUITests */,
			);
		};
/* End PBXProject section */

/* Begin PBXResourcesBuildPhase section */
		4B19F5DC28E49E0500A72B5C /* Resources */ = {
			isa = PBXResourcesBuildPhase;
			buildActionMask = 2147483647;
			files = (
				4B45754328EC2C99007DB4A0 /* JournalingTableViewCell.xib in Resources */,
				4B78DB3F28EC1F7200744386 /* Journal.storyboard in Resources */,
				4B78DB3D28EC1ACD00744386 /* Main.storyboard in Resources */,
				4B19F5EE28E49E0600A72B5C /* LaunchScreen.storyboard in Resources */,
				4BB80B76293C61F3001FEC01 /* GoogleService-Info.plist in Resources */,
				4B194F3128ED904B00F17FC9 /* Quote.storyboard in Resources */,
				4B78DB4828EC298000744386 /* RoundedCard.xib in Resources */,
				4B952E8D294371D100A7616A /* dateSearchCard.xib in Resources */,
				4B19F5EB28E49E0600A72B5C /* Assets.xcassets in Resources */,
				4B194F3728ED919200F17FC9 /* QuoteTableViewCell.xib in Resources */,
				4B00BAA8296E5758008FB05C /* Account.storyboard in Resources */,
				4B194F4128EDBADA00F17FC9 /* Summary.storyboard in Resources */,
			);
			runOnlyForDeploymentPostprocessing = 0;
		};
		4B19F5F228E49E0600A72B5C /* Resources */ = {
			isa = PBXResourcesBuildPhase;
			buildActionMask = 2147483647;
			files = (
			);
			runOnlyForDeploymentPostprocessing = 0;
		};
		4B19F5FC28E49E0600A72B5C /* Resources */ = {
			isa = PBXResourcesBuildPhase;
			buildActionMask = 2147483647;
			files = (
			);
			runOnlyForDeploymentPostprocessing = 0;
		};
/* End PBXResourcesBuildPhase section */

/* Begin PBXShellScriptBuildPhase section */
		4659ED4A8F2B43E738301FF9 /* [CP] Embed Pods Frameworks */ = {
			isa = PBXShellScriptBuildPhase;
			buildActionMask = 2147483647;
			files = (
			);
			inputFileListPaths = (
				"${PODS_ROOT}/Target Support Files/Pods-HEPI-HEPIUITests/Pods-HEPI-HEPIUITests-frameworks-${CONFIGURATION}-input-files.xcfilelist",
			);
			name = "[CP] Embed Pods Frameworks";
			outputFileListPaths = (
				"${PODS_ROOT}/Target Support Files/Pods-HEPI-HEPIUITests/Pods-HEPI-HEPIUITests-frameworks-${CONFIGURATION}-output-files.xcfilelist",
			);
			runOnlyForDeploymentPostprocessing = 0;
			shellPath = /bin/sh;
			shellScript = "\"${PODS_ROOT}/Target Support Files/Pods-HEPI-HEPIUITests/Pods-HEPI-HEPIUITests-frameworks.sh\"\n";
			showEnvVarsInLog = 0;
		};
		81EE86C669283DCF2924EF04 /* [CP] Check Pods Manifest.lock */ = {
			isa = PBXShellScriptBuildPhase;
			buildActionMask = 2147483647;
			files = (
			);
			inputFileListPaths = (
			);
			inputPaths = (
				"${PODS_PODFILE_DIR_PATH}/Podfile.lock",
				"${PODS_ROOT}/Manifest.lock",
			);
			name = "[CP] Check Pods Manifest.lock";
			outputFileListPaths = (
			);
			outputPaths = (
				"$(DERIVED_FILE_DIR)/Pods-HEPI-HEPIUITests-checkManifestLockResult.txt",
			);
			runOnlyForDeploymentPostprocessing = 0;
			shellPath = /bin/sh;
			shellScript = "diff \"${PODS_PODFILE_DIR_PATH}/Podfile.lock\" \"${PODS_ROOT}/Manifest.lock\" > /dev/null\nif [ $? != 0 ] ; then\n    # print error to STDERR\n    echo \"error: The sandbox is not in sync with the Podfile.lock. Run 'pod install' or update your CocoaPods installation.\" >&2\n    exit 1\nfi\n# This output is used by Xcode 'outputs' to avoid re-running this script phase.\necho \"SUCCESS\" > \"${SCRIPT_OUTPUT_FILE_0}\"\n";
			showEnvVarsInLog = 0;
		};
		93725E0A70CA20609F2F195B /* [CP] Check Pods Manifest.lock */ = {
			isa = PBXShellScriptBuildPhase;
			buildActionMask = 2147483647;
			files = (
			);
			inputFileListPaths = (
			);
			inputPaths = (
				"${PODS_PODFILE_DIR_PATH}/Podfile.lock",
				"${PODS_ROOT}/Manifest.lock",
			);
			name = "[CP] Check Pods Manifest.lock";
			outputFileListPaths = (
			);
			outputPaths = (
				"$(DERIVED_FILE_DIR)/Pods-HEPITests-checkManifestLockResult.txt",
			);
			runOnlyForDeploymentPostprocessing = 0;
			shellPath = /bin/sh;
			shellScript = "diff \"${PODS_PODFILE_DIR_PATH}/Podfile.lock\" \"${PODS_ROOT}/Manifest.lock\" > /dev/null\nif [ $? != 0 ] ; then\n    # print error to STDERR\n    echo \"error: The sandbox is not in sync with the Podfile.lock. Run 'pod install' or update your CocoaPods installation.\" >&2\n    exit 1\nfi\n# This output is used by Xcode 'outputs' to avoid re-running this script phase.\necho \"SUCCESS\" > \"${SCRIPT_OUTPUT_FILE_0}\"\n";
			showEnvVarsInLog = 0;
		};
		AB38376B1DE8B51922523639 /* [CP] Check Pods Manifest.lock */ = {
			isa = PBXShellScriptBuildPhase;
			buildActionMask = 2147483647;
			files = (
			);
			inputFileListPaths = (
			);
			inputPaths = (
				"${PODS_PODFILE_DIR_PATH}/Podfile.lock",
				"${PODS_ROOT}/Manifest.lock",
			);
			name = "[CP] Check Pods Manifest.lock";
			outputFileListPaths = (
			);
			outputPaths = (
				"$(DERIVED_FILE_DIR)/Pods-HEPI-checkManifestLockResult.txt",
			);
			runOnlyForDeploymentPostprocessing = 0;
			shellPath = /bin/sh;
			shellScript = "diff \"${PODS_PODFILE_DIR_PATH}/Podfile.lock\" \"${PODS_ROOT}/Manifest.lock\" > /dev/null\nif [ $? != 0 ] ; then\n    # print error to STDERR\n    echo \"error: The sandbox is not in sync with the Podfile.lock. Run 'pod install' or update your CocoaPods installation.\" >&2\n    exit 1\nfi\n# This output is used by Xcode 'outputs' to avoid re-running this script phase.\necho \"SUCCESS\" > \"${SCRIPT_OUTPUT_FILE_0}\"\n";
			showEnvVarsInLog = 0;
		};
		C9543CE2125C27965B6E43AB /* [CP] Embed Pods Frameworks */ = {
			isa = PBXShellScriptBuildPhase;
			buildActionMask = 2147483647;
			files = (
			);
			inputFileListPaths = (
				"${PODS_ROOT}/Target Support Files/Pods-HEPI/Pods-HEPI-frameworks-${CONFIGURATION}-input-files.xcfilelist",
			);
			name = "[CP] Embed Pods Frameworks";
			outputFileListPaths = (
				"${PODS_ROOT}/Target Support Files/Pods-HEPI/Pods-HEPI-frameworks-${CONFIGURATION}-output-files.xcfilelist",
			);
			runOnlyForDeploymentPostprocessing = 0;
			shellPath = /bin/sh;
			shellScript = "\"${PODS_ROOT}/Target Support Files/Pods-HEPI/Pods-HEPI-frameworks.sh\"\n";
			showEnvVarsInLog = 0;
		};
/* End PBXShellScriptBuildPhase section */

/* Begin PBXSourcesBuildPhase section */
		4B19F5DA28E49E0500A72B5C /* Sources */ = {
			isa = PBXSourcesBuildPhase;
			buildActionMask = 2147483647;
			files = (
				4B194F3D28EDAF5500F17FC9 /* QuoteModel.swift in Sources */,
				4B6A8F5928EC42720088960F /* SharedObjects.swift in Sources */,
				4B194F4328EEAD1300F17FC9 /* SummaryViewController.swift in Sources */,
				4BEB3155296DBDA500F46404 /* LoginViewModel.swift in Sources */,
				4B00BAAD296E8399008FB05C /* AccountTableViewController.swift in Sources */,
				4B50DEA128EC844E00EC0290 /* DetailJournalViewController.swift in Sources */,
				4B622DB12944597F00E42DAE /* ReusableTabBar.swift in Sources */,
				4B194F3B28EDAAC400F17FC9 /* QuoteViewModel.swift in Sources */,
				4BB4935B28EC40B000F3A482 /* ClassExtension.swift in Sources */,
				4B6A8F5D28EC44BC0088960F /* Enum.swift in Sources */,
				4B6A8F6428EC4F590088960F /* Journal.swift in Sources */,
				4BB80B7A293C7EC5001FEC01 /* ClassificationResult.swift in Sources */,
				4BB80B74293C60AC001FEC01 /* ModelLoader.swift in Sources */,
				4B50DEA528EC909A00EC0290 /* DetailJournalViewModel.swift in Sources */,
				4B8174242912B6930056D7F6 /* SummaryViewModel.swift in Sources */,
				4B78DB4A28EC2BD800744386 /* JournalingViewController.swift in Sources */,
				4B19F5E228E49E0500A72B5C /* AppDelegate.swift in Sources */,
				4B6A8F6628EC50C60088960F /* Protocol.swift in Sources */,
				4B194F3928EDAA6100F17FC9 /* QuotesViewController.swift in Sources */,
				4B78DB4328EC27F500744386 /* RoundedCard.swift in Sources */,
				4B622DAC294455DF00E42DAE /* CheckIn.swift in Sources */,
				4B78DB0B28EAD6FC00744386 /* ApiService.swift in Sources */,
				4B6A8F5F28EC4A1C0088960F /* JournalViewModel.swift in Sources */,
				4BDE55D1296DB2170004DFBB /* LoginViewController.swift in Sources */,
				4B78DB4128EC230700744386 /* CustomNavigationController.swift in Sources */,
				4B194F4528EEADD900F17FC9 /* Summary.swift in Sources */,
				4B49684A296D428F006C2EF1 /* LeftPaddedTextfield.swift in Sources */,
				4B622DB32944599600E42DAE /* ReusableButton.swift in Sources */,
				4B00BB42296E95FA008FB05C /* RSAUtils.swift in Sources */,
				4B194F3F28EDB09F00F17FC9 /* Quote.swift in Sources */,
				4B6A8F5B28EC42F80088960F /* HelperFunction.swift in Sources */,
				4B19F5E428E49E0500A72B5C /* SceneDelegate.swift in Sources */,
				4B622DB5294459B700E42DAE /* ReuseableLabel.swift in Sources */,
				4BEB3157296DBDB000F46404 /* SignUpViewModel.swift in Sources */,
				4B194F3628ED919200F17FC9 /* QuoteTableViewCell.swift in Sources */,
				4BDE55D3296DB3270004DFBB /* SignUpViewController.swift in Sources */,
				4B78DB1828EAD77600744386 /* StyleGuides.swift in Sources */,
				4B622DAF2944582600E42DAE /* ModalCheckInOutViewController.swift in Sources */,
				4B45754228EC2C99007DB4A0 /* JournalingTableViewCell.swift in Sources */,
				4B952E8F294373E300A7616A /* dateSearchCard.swift in Sources */,
				4B00BAB0296E8525008FB05C /* AccountTableViewModel.swift in Sources */,
			);
			runOnlyForDeploymentPostprocessing = 0;
		};
		4B19F5F028E49E0600A72B5C /* Sources */ = {
			isa = PBXSourcesBuildPhase;
			buildActionMask = 2147483647;
			files = (
				4B19F5F928E49E0600A72B5C /* HEPITests.swift in Sources */,
			);
			runOnlyForDeploymentPostprocessing = 0;
		};
		4B19F5FA28E49E0600A72B5C /* Sources */ = {
			isa = PBXSourcesBuildPhase;
			buildActionMask = 2147483647;
			files = (
				4B19F60528E49E0600A72B5C /* HEPIUITestsLaunchTests.swift in Sources */,
				4B19F60328E49E0600A72B5C /* HEPIUITests.swift in Sources */,
			);
			runOnlyForDeploymentPostprocessing = 0;
		};
/* End PBXSourcesBuildPhase section */

/* Begin PBXTargetDependency section */
		4B19F5F628E49E0600A72B5C /* PBXTargetDependency */ = {
			isa = PBXTargetDependency;
			target = 4B19F5DD28E49E0500A72B5C /* HEPI */;
			targetProxy = 4B19F5F528E49E0600A72B5C /* PBXContainerItemProxy */;
		};
		4B19F60028E49E0600A72B5C /* PBXTargetDependency */ = {
			isa = PBXTargetDependency;
			target = 4B19F5DD28E49E0500A72B5C /* HEPI */;
			targetProxy = 4B19F5FF28E49E0600A72B5C /* PBXContainerItemProxy */;
		};
/* End PBXTargetDependency section */

/* Begin PBXVariantGroup section */
		4B19F5EC28E49E0600A72B5C /* LaunchScreen.storyboard */ = {
			isa = PBXVariantGroup;
			children = (
				4B19F5ED28E49E0600A72B5C /* Base */,
			);
			name = LaunchScreen.storyboard;
			sourceTree = "<group>";
		};
/* End PBXVariantGroup section */

/* Begin XCBuildConfiguration section */
		4B19F60628E49E0600A72B5C /* Debug */ = {
			isa = XCBuildConfiguration;
			buildSettings = {
				ALWAYS_SEARCH_USER_PATHS = NO;
				CLANG_ANALYZER_LOCALIZABILITY_NONLOCALIZED = YES;
				CLANG_ANALYZER_NONNULL = YES;
				CLANG_ANALYZER_NUMBER_OBJECT_CONVERSION = YES_AGGRESSIVE;
				CLANG_CXX_LANGUAGE_STANDARD = "gnu++17";
				CLANG_ENABLE_MODULES = YES;
				CLANG_ENABLE_OBJC_ARC = YES;
				CLANG_ENABLE_OBJC_WEAK = YES;
				CLANG_WARN_BLOCK_CAPTURE_AUTORELEASING = YES;
				CLANG_WARN_BOOL_CONVERSION = YES;
				CLANG_WARN_COMMA = YES;
				CLANG_WARN_CONSTANT_CONVERSION = YES;
				CLANG_WARN_DEPRECATED_OBJC_IMPLEMENTATIONS = YES;
				CLANG_WARN_DIRECT_OBJC_ISA_USAGE = YES_ERROR;
				CLANG_WARN_DOCUMENTATION_COMMENTS = YES;
				CLANG_WARN_EMPTY_BODY = YES;
				CLANG_WARN_ENUM_CONVERSION = YES;
				CLANG_WARN_INFINITE_RECURSION = YES;
				CLANG_WARN_INT_CONVERSION = YES;
				CLANG_WARN_NON_LITERAL_NULL_CONVERSION = YES;
				CLANG_WARN_OBJC_IMPLICIT_RETAIN_SELF = YES;
				CLANG_WARN_OBJC_LITERAL_CONVERSION = YES;
				CLANG_WARN_OBJC_ROOT_CLASS = YES_ERROR;
				CLANG_WARN_QUOTED_INCLUDE_IN_FRAMEWORK_HEADER = YES;
				CLANG_WARN_RANGE_LOOP_ANALYSIS = YES;
				CLANG_WARN_STRICT_PROTOTYPES = YES;
				CLANG_WARN_SUSPICIOUS_MOVE = YES;
				CLANG_WARN_UNGUARDED_AVAILABILITY = YES_AGGRESSIVE;
				CLANG_WARN_UNREACHABLE_CODE = YES;
				CLANG_WARN__DUPLICATE_METHOD_MATCH = YES;
				COPY_PHASE_STRIP = NO;
				DEBUG_INFORMATION_FORMAT = dwarf;
				ENABLE_STRICT_OBJC_MSGSEND = YES;
				ENABLE_TESTABILITY = YES;
				GCC_C_LANGUAGE_STANDARD = gnu11;
				GCC_DYNAMIC_NO_PIC = NO;
				GCC_NO_COMMON_BLOCKS = YES;
				GCC_OPTIMIZATION_LEVEL = 0;
				GCC_PREPROCESSOR_DEFINITIONS = (
					"DEBUG=1",
					"$(inherited)",
				);
				GCC_WARN_64_TO_32_BIT_CONVERSION = YES;
				GCC_WARN_ABOUT_RETURN_TYPE = YES_ERROR;
				GCC_WARN_UNDECLARED_SELECTOR = YES;
				GCC_WARN_UNINITIALIZED_AUTOS = YES_AGGRESSIVE;
				GCC_WARN_UNUSED_FUNCTION = YES;
				GCC_WARN_UNUSED_VARIABLE = YES;
				IPHONEOS_DEPLOYMENT_TARGET = 16.0;
				MTL_ENABLE_DEBUG_INFO = INCLUDE_SOURCE;
				MTL_FAST_MATH = YES;
				ONLY_ACTIVE_ARCH = YES;
				SDKROOT = iphoneos;
				SWIFT_ACTIVE_COMPILATION_CONDITIONS = DEBUG;
				SWIFT_OPTIMIZATION_LEVEL = "-Onone";
			};
			name = Debug;
		};
		4B19F60728E49E0600A72B5C /* Release */ = {
			isa = XCBuildConfiguration;
			buildSettings = {
				ALWAYS_SEARCH_USER_PATHS = NO;
				CLANG_ANALYZER_LOCALIZABILITY_NONLOCALIZED = YES;
				CLANG_ANALYZER_NONNULL = YES;
				CLANG_ANALYZER_NUMBER_OBJECT_CONVERSION = YES_AGGRESSIVE;
				CLANG_CXX_LANGUAGE_STANDARD = "gnu++17";
				CLANG_ENABLE_MODULES = YES;
				CLANG_ENABLE_OBJC_ARC = YES;
				CLANG_ENABLE_OBJC_WEAK = YES;
				CLANG_WARN_BLOCK_CAPTURE_AUTORELEASING = YES;
				CLANG_WARN_BOOL_CONVERSION = YES;
				CLANG_WARN_COMMA = YES;
				CLANG_WARN_CONSTANT_CONVERSION = YES;
				CLANG_WARN_DEPRECATED_OBJC_IMPLEMENTATIONS = YES;
				CLANG_WARN_DIRECT_OBJC_ISA_USAGE = YES_ERROR;
				CLANG_WARN_DOCUMENTATION_COMMENTS = YES;
				CLANG_WARN_EMPTY_BODY = YES;
				CLANG_WARN_ENUM_CONVERSION = YES;
				CLANG_WARN_INFINITE_RECURSION = YES;
				CLANG_WARN_INT_CONVERSION = YES;
				CLANG_WARN_NON_LITERAL_NULL_CONVERSION = YES;
				CLANG_WARN_OBJC_IMPLICIT_RETAIN_SELF = YES;
				CLANG_WARN_OBJC_LITERAL_CONVERSION = YES;
				CLANG_WARN_OBJC_ROOT_CLASS = YES_ERROR;
				CLANG_WARN_QUOTED_INCLUDE_IN_FRAMEWORK_HEADER = YES;
				CLANG_WARN_RANGE_LOOP_ANALYSIS = YES;
				CLANG_WARN_STRICT_PROTOTYPES = YES;
				CLANG_WARN_SUSPICIOUS_MOVE = YES;
				CLANG_WARN_UNGUARDED_AVAILABILITY = YES_AGGRESSIVE;
				CLANG_WARN_UNREACHABLE_CODE = YES;
				CLANG_WARN__DUPLICATE_METHOD_MATCH = YES;
				COPY_PHASE_STRIP = NO;
				DEBUG_INFORMATION_FORMAT = "dwarf-with-dsym";
				ENABLE_NS_ASSERTIONS = NO;
				ENABLE_STRICT_OBJC_MSGSEND = YES;
				GCC_C_LANGUAGE_STANDARD = gnu11;
				GCC_NO_COMMON_BLOCKS = YES;
				GCC_WARN_64_TO_32_BIT_CONVERSION = YES;
				GCC_WARN_ABOUT_RETURN_TYPE = YES_ERROR;
				GCC_WARN_UNDECLARED_SELECTOR = YES;
				GCC_WARN_UNINITIALIZED_AUTOS = YES_AGGRESSIVE;
				GCC_WARN_UNUSED_FUNCTION = YES;
				GCC_WARN_UNUSED_VARIABLE = YES;
				IPHONEOS_DEPLOYMENT_TARGET = 16.0;
				MTL_ENABLE_DEBUG_INFO = NO;
				MTL_FAST_MATH = YES;
				SDKROOT = iphoneos;
				SWIFT_COMPILATION_MODE = wholemodule;
				SWIFT_OPTIMIZATION_LEVEL = "-O";
				VALIDATE_PRODUCT = YES;
			};
			name = Release;
		};
		4B19F60928E49E0600A72B5C /* Debug */ = {
			isa = XCBuildConfiguration;
			baseConfigurationReference = 8F8EECDC1C2D3A22F6D39432 /* Pods-HEPI.debug.xcconfig */;
			buildSettings = {
				ASSETCATALOG_COMPILER_APPICON_NAME = AppIcon;
				ASSETCATALOG_COMPILER_GLOBAL_ACCENT_COLOR_NAME = AccentColor;
				CODE_SIGN_STYLE = Automatic;
				CURRENT_PROJECT_VERSION = 1;
				DEVELOPMENT_TEAM = 38437W4ZU8;
				"EXCLUDED_ARCHS[sdk=iphonesimulator*]" = arm64;
				GENERATE_INFOPLIST_FILE = YES;
				INFOPLIST_FILE = HEPI/Info.plist;
				INFOPLIST_KEY_CFBundleDisplayName = HEPI;
				INFOPLIST_KEY_LSApplicationCategoryType = "public.app-category.lifestyle";
				INFOPLIST_KEY_UIApplicationSupportsIndirectInputEvents = YES;
				INFOPLIST_KEY_UILaunchStoryboardName = LaunchScreen;
				INFOPLIST_KEY_UIMainStoryboardFile = Main;
				INFOPLIST_KEY_UISupportedInterfaceOrientations = UIInterfaceOrientationPortrait;
				INFOPLIST_KEY_UISupportedInterfaceOrientations_iPad = "UIInterfaceOrientationLandscapeLeft UIInterfaceOrientationLandscapeRight UIInterfaceOrientationPortrait UIInterfaceOrientationPortraitUpsideDown";
				LD_RUNPATH_SEARCH_PATHS = (
					"$(inherited)",
					"@executable_path/Frameworks",
				);
				MARKETING_VERSION = 1.0;
				PRODUCT_BUNDLE_IDENTIFIER = "hepi-product.HEPI";
				PRODUCT_NAME = "$(TARGET_NAME)";
				SUPPORTED_PLATFORMS = "iphoneos iphonesimulator";
				SUPPORTS_MACCATALYST = NO;
				SUPPORTS_MAC_DESIGNED_FOR_IPHONE_IPAD = NO;
				SWIFT_EMIT_LOC_STRINGS = YES;
				SWIFT_VERSION = 5.0;
				TARGETED_DEVICE_FAMILY = 1;
			};
			name = Debug;
		};
		4B19F60A28E49E0600A72B5C /* Release */ = {
			isa = XCBuildConfiguration;
			baseConfigurationReference = D74D33CAB48080B459E9D72D /* Pods-HEPI.release.xcconfig */;
			buildSettings = {
				ASSETCATALOG_COMPILER_APPICON_NAME = AppIcon;
				ASSETCATALOG_COMPILER_GLOBAL_ACCENT_COLOR_NAME = AccentColor;
				CODE_SIGN_STYLE = Automatic;
				CURRENT_PROJECT_VERSION = 1;
				DEVELOPMENT_TEAM = 38437W4ZU8;
				"EXCLUDED_ARCHS[sdk=iphonesimulator*]" = arm64;
				GENERATE_INFOPLIST_FILE = YES;
				INFOPLIST_FILE = HEPI/Info.plist;
				INFOPLIST_KEY_CFBundleDisplayName = HEPI;
				INFOPLIST_KEY_LSApplicationCategoryType = "public.app-category.lifestyle";
				INFOPLIST_KEY_UIApplicationSupportsIndirectInputEvents = YES;
				INFOPLIST_KEY_UILaunchStoryboardName = LaunchScreen;
				INFOPLIST_KEY_UIMainStoryboardFile = Main;
				INFOPLIST_KEY_UISupportedInterfaceOrientations = UIInterfaceOrientationPortrait;
				INFOPLIST_KEY_UISupportedInterfaceOrientations_iPad = "UIInterfaceOrientationLandscapeLeft UIInterfaceOrientationLandscapeRight UIInterfaceOrientationPortrait UIInterfaceOrientationPortraitUpsideDown";
				LD_RUNPATH_SEARCH_PATHS = (
					"$(inherited)",
					"@executable_path/Frameworks",
				);
				MARKETING_VERSION = 1.0;
				PRODUCT_BUNDLE_IDENTIFIER = "hepi-product.HEPI";
				PRODUCT_NAME = "$(TARGET_NAME)";
				SUPPORTED_PLATFORMS = "iphoneos iphonesimulator";
				SUPPORTS_MACCATALYST = NO;
				SUPPORTS_MAC_DESIGNED_FOR_IPHONE_IPAD = NO;
				SWIFT_EMIT_LOC_STRINGS = YES;
				SWIFT_VERSION = 5.0;
				TARGETED_DEVICE_FAMILY = 1;
			};
			name = Release;
		};
		4B19F60C28E49E0600A72B5C /* Debug */ = {
			isa = XCBuildConfiguration;
			baseConfigurationReference = 061D4F6FBFB702F92184ECBC /* Pods-HEPITests.debug.xcconfig */;
			buildSettings = {
				ALWAYS_EMBED_SWIFT_STANDARD_LIBRARIES = YES;
				BUNDLE_LOADER = "$(TEST_HOST)";
				CODE_SIGN_STYLE = Automatic;
				CURRENT_PROJECT_VERSION = 1;
				DEVELOPMENT_TEAM = 38437W4ZU8;
				GENERATE_INFOPLIST_FILE = YES;
				IPHONEOS_DEPLOYMENT_TARGET = 15.5;
				MARKETING_VERSION = 1.0;
				PRODUCT_BUNDLE_IDENTIFIER = "hepi-product.HEPITests";
				PRODUCT_NAME = "$(TARGET_NAME)";
				SWIFT_EMIT_LOC_STRINGS = NO;
				SWIFT_VERSION = 5.0;
				TARGETED_DEVICE_FAMILY = "1,2";
				TEST_HOST = "$(BUILT_PRODUCTS_DIR)/HEPI.app/HEPI";
			};
			name = Debug;
		};
		4B19F60D28E49E0600A72B5C /* Release */ = {
			isa = XCBuildConfiguration;
			baseConfigurationReference = 326BB86F891A77FDDE3F6E8E /* Pods-HEPITests.release.xcconfig */;
			buildSettings = {
				ALWAYS_EMBED_SWIFT_STANDARD_LIBRARIES = YES;
				BUNDLE_LOADER = "$(TEST_HOST)";
				CODE_SIGN_STYLE = Automatic;
				CURRENT_PROJECT_VERSION = 1;
				DEVELOPMENT_TEAM = 38437W4ZU8;
				GENERATE_INFOPLIST_FILE = YES;
				IPHONEOS_DEPLOYMENT_TARGET = 15.5;
				MARKETING_VERSION = 1.0;
				PRODUCT_BUNDLE_IDENTIFIER = "hepi-product.HEPITests";
				PRODUCT_NAME = "$(TARGET_NAME)";
				SWIFT_EMIT_LOC_STRINGS = NO;
				SWIFT_VERSION = 5.0;
				TARGETED_DEVICE_FAMILY = "1,2";
				TEST_HOST = "$(BUILT_PRODUCTS_DIR)/HEPI.app/HEPI";
			};
			name = Release;
		};
		4B19F60F28E49E0600A72B5C /* Debug */ = {
			isa = XCBuildConfiguration;
			baseConfigurationReference = DBF35E6B7665AE1A04EB97AE /* Pods-HEPI-HEPIUITests.debug.xcconfig */;
			buildSettings = {
				ALWAYS_EMBED_SWIFT_STANDARD_LIBRARIES = YES;
				CODE_SIGN_STYLE = Automatic;
				CURRENT_PROJECT_VERSION = 1;
				DEVELOPMENT_TEAM = 38437W4ZU8;
				GENERATE_INFOPLIST_FILE = YES;
				MARKETING_VERSION = 1.0;
				PRODUCT_BUNDLE_IDENTIFIER = "hepi-product.HEPIUITests";
				PRODUCT_NAME = "$(TARGET_NAME)";
				SWIFT_EMIT_LOC_STRINGS = NO;
				SWIFT_VERSION = 5.0;
				TARGETED_DEVICE_FAMILY = "1,2";
				TEST_TARGET_NAME = HEPI;
			};
			name = Debug;
		};
		4B19F61028E49E0600A72B5C /* Release */ = {
			isa = XCBuildConfiguration;
			baseConfigurationReference = 89CD93ED96B5756AE2FF5BFA /* Pods-HEPI-HEPIUITests.release.xcconfig */;
			buildSettings = {
				ALWAYS_EMBED_SWIFT_STANDARD_LIBRARIES = YES;
				CODE_SIGN_STYLE = Automatic;
				CURRENT_PROJECT_VERSION = 1;
				DEVELOPMENT_TEAM = 38437W4ZU8;
				GENERATE_INFOPLIST_FILE = YES;
				MARKETING_VERSION = 1.0;
				PRODUCT_BUNDLE_IDENTIFIER = "hepi-product.HEPIUITests";
				PRODUCT_NAME = "$(TARGET_NAME)";
				SWIFT_EMIT_LOC_STRINGS = NO;
				SWIFT_VERSION = 5.0;
				TARGETED_DEVICE_FAMILY = "1,2";
				TEST_TARGET_NAME = HEPI;
			};
			name = Release;
		};
/* End XCBuildConfiguration section */

/* Begin XCConfigurationList section */
		4B19F5D928E49E0500A72B5C /* Build configuration list for PBXProject "HEPI" */ = {
			isa = XCConfigurationList;
			buildConfigurations = (
				4B19F60628E49E0600A72B5C /* Debug */,
				4B19F60728E49E0600A72B5C /* Release */,
			);
			defaultConfigurationIsVisible = 0;
			defaultConfigurationName = Release;
		};
		4B19F60828E49E0600A72B5C /* Build configuration list for PBXNativeTarget "HEPI" */ = {
			isa = XCConfigurationList;
			buildConfigurations = (
				4B19F60928E49E0600A72B5C /* Debug */,
				4B19F60A28E49E0600A72B5C /* Release */,
			);
			defaultConfigurationIsVisible = 0;
			defaultConfigurationName = Release;
		};
		4B19F60B28E49E0600A72B5C /* Build configuration list for PBXNativeTarget "HEPITests" */ = {
			isa = XCConfigurationList;
			buildConfigurations = (
				4B19F60C28E49E0600A72B5C /* Debug */,
				4B19F60D28E49E0600A72B5C /* Release */,
			);
			defaultConfigurationIsVisible = 0;
			defaultConfigurationName = Release;
		};
		4B19F60E28E49E0600A72B5C /* Build configuration list for PBXNativeTarget "HEPIUITests" */ = {
			isa = XCConfigurationList;
			buildConfigurations = (
				4B19F60F28E49E0600A72B5C /* Debug */,
				4B19F61028E49E0600A72B5C /* Release */,
			);
			defaultConfigurationIsVisible = 0;
			defaultConfigurationName = Release;
		};
/* End XCConfigurationList section */
	};
	rootObject = 4B19F5D628E49E0500A72B5C /* Project object */;
}
